// !$*UTF8*$!
{
	archiveVersion = 1;
	classes = {
	};
	objectVersion = 46;
	objects = {

/* Begin PBXBuildFile section */
		64B522C230F531A38E1DA83C /* libPods-QIC.a in Frameworks */ = {isa = PBXBuildFile; fileRef = F0AA4F7C14BB65B3BEBED902 /* libPods-QIC.a */; };
		D0025574207732BE0059A349 /* favourites_cell.m in Sources */ = {isa = PBXBuildFile; fileRef = D0025572207732BE0059A349 /* favourites_cell.m */; };
		D0025575207732BE0059A349 /* favourites_cell.xib in Resources */ = {isa = PBXBuildFile; fileRef = D0025573207732BE0059A349 /* favourites_cell.xib */; };
		D002557920775CF90059A349 /* Profile_langugage_cell.m in Sources */ = {isa = PBXBuildFile; fileRef = D002557820775CF90059A349 /* Profile_langugage_cell.m */; };
		D002557D207773690059A349 /* TXT_placeholder.m in Sources */ = {isa = PBXBuildFile; fileRef = D002557C207773690059A349 /* TXT_placeholder.m */; };
		D00C472C209B2BE700312CFA /* NewRelicAgent.framework in Frameworks */ = {isa = PBXBuildFile; fileRef = D00C472B209B2BE700312CFA /* NewRelicAgent.framework */; };
		D00C472E209B2BFA00312CFA /* CoreTelephony.framework in Frameworks */ = {isa = PBXBuildFile; fileRef = D00C472D209B2BFA00312CFA /* CoreTelephony.framework */; };
		D00C4730209B2C0600312CFA /* SystemConfiguration.framework in Frameworks */ = {isa = PBXBuildFile; fileRef = D00C472F209B2C0600312CFA /* SystemConfiguration.framework */; };
		D00C4732209B2C1400312CFA /* libc++.tbd in Frameworks */ = {isa = PBXBuildFile; fileRef = D00C4731209B2C1300312CFA /* libc++.tbd */; };
		D00C4734209B2C2100312CFA /* libz.tbd in Frameworks */ = {isa = PBXBuildFile; fileRef = D00C4733209B2C2100312CFA /* libz.tbd */; };
		D02AC7B62072301D00F47C93 /* main.m in Sources */ = {isa = PBXBuildFile; fileRef = D02AC7B52072301D00F47C93 /* main.m */; };
		D02AC7B92072301D00F47C93 /* AppDelegate.m in Sources */ = {isa = PBXBuildFile; fileRef = D02AC7B82072301D00F47C93 /* AppDelegate.m */; };
		D02AC7BC2072301D00F47C93 /* ViewController.m in Sources */ = {isa = PBXBuildFile; fileRef = D02AC7BB2072301D00F47C93 /* ViewController.m */; };
		D02AC7C42072301D00F47C93 /* LaunchScreen.storyboard in Resources */ = {isa = PBXBuildFile; fileRef = D02AC7C22072301D00F47C93 /* LaunchScreen.storyboard */; };
		D02AC7D220724A7A00F47C93 /* FontAwesome.otf in Resources */ = {isa = PBXBuildFile; fileRef = D02AC7D120724A7A00F47C93 /* FontAwesome.otf */; };
		D02AC7D6207250AB00F47C93 /* homw_tab_bar.m in Sources */ = {isa = PBXBuildFile; fileRef = D02AC7D5207250AB00F47C93 /* homw_tab_bar.m */; };
		D02AC7DF2073342400F47C93 /* categorie_cell.m in Sources */ = {isa = PBXBuildFile; fileRef = D02AC7DD2073342400F47C93 /* categorie_cell.m */; };
		D02AC7E72073410500F47C93 /* menu_cell.m in Sources */ = {isa = PBXBuildFile; fileRef = D02AC7E52073410500F47C93 /* menu_cell.m */; };
		D02AC7E82073410600F47C93 /* menu_cell.xib in Resources */ = {isa = PBXBuildFile; fileRef = D02AC7E62073410500F47C93 /* menu_cell.xib */; };
		D02AC7EA2073416A00F47C93 /* upload-27.png in Resources */ = {isa = PBXBuildFile; fileRef = D02AC7E92073416A00F47C93 /* upload-27.png */; };
		D02AC7F42073868C00F47C93 /* Login-Screen-background.jpg in Resources */ = {isa = PBXBuildFile; fileRef = D02AC7F22073868C00F47C93 /* Login-Screen-background.jpg */; };
		D02AC7F52073868C00F47C93 /* Logo.png in Resources */ = {isa = PBXBuildFile; fileRef = D02AC7F32073868C00F47C93 /* Logo.png */; };
		D02AC7FC2073889600F47C93 /* home.png in Resources */ = {isa = PBXBuildFile; fileRef = D02AC7F72073889600F47C93 /* home.png */; };
		D02AC7FD2073889600F47C93 /* news.png in Resources */ = {isa = PBXBuildFile; fileRef = D02AC7F82073889600F47C93 /* news.png */; };
		D02AC7FE2073889600F47C93 /* offer.png in Resources */ = {isa = PBXBuildFile; fileRef = D02AC7F92073889600F47C93 /* offer.png */; };
		D02AC7FF2073889600F47C93 /* profile.png in Resources */ = {isa = PBXBuildFile; fileRef = D02AC7FA2073889600F47C93 /* profile.png */; };
		D02AC8002073889600F47C93 /* provider.png in Resources */ = {isa = PBXBuildFile; fileRef = D02AC7FB2073889600F47C93 /* provider.png */; };
		D02AC81D2074766100F47C93 /* VC_profile.m in Sources */ = {isa = PBXBuildFile; fileRef = D02AC81C2074766100F47C93 /* VC_profile.m */; };
		D02AC8212074768200F47C93 /* TXT_profile.m in Sources */ = {isa = PBXBuildFile; fileRef = D02AC8202074768200F47C93 /* TXT_profile.m */; };
		D02AC82620747EF000F47C93 /* profile_cell.m in Sources */ = {isa = PBXBuildFile; fileRef = D02AC82420747EF000F47C93 /* profile_cell.m */; };
		D02AC82720747EF000F47C93 /* profile_cell.xib in Resources */ = {isa = PBXBuildFile; fileRef = D02AC82520747EF000F47C93 /* profile_cell.xib */; };
		D02AC82C2074992F00F47C93 /* news_cell.m in Sources */ = {isa = PBXBuildFile; fileRef = D02AC82A2074992F00F47C93 /* news_cell.m */; };
		D02AC8382074AA5600F47C93 /* subcategory_cell.m in Sources */ = {isa = PBXBuildFile; fileRef = D02AC8362074AA5600F47C93 /* subcategory_cell.m */; };
		D02AC8392074AA5600F47C93 /* subcategory_cell.xib in Resources */ = {isa = PBXBuildFile; fileRef = D02AC8372074AA5600F47C93 /* subcategory_cell.xib */; };
		D02AC84F2075D31500F47C93 /* HMSegmentedControl.m in Sources */ = {isa = PBXBuildFile; fileRef = D02AC84E2075D31500F47C93 /* HMSegmentedControl.m */; };
		D02AC8542075D53000F47C93 /* offers_cell.m in Sources */ = {isa = PBXBuildFile; fileRef = D02AC8522075D53000F47C93 /* offers_cell.m */; };
		D02AC86B2075FC9100F47C93 /* About-QIC.png in Resources */ = {isa = PBXBuildFile; fileRef = D02AC8592075FC9100F47C93 /* About-QIC.png */; };
		D02AC86C2075FC9100F47C93 /* call-button.png in Resources */ = {isa = PBXBuildFile; fileRef = D02AC85A2075FC9100F47C93 /* call-button.png */; };
		D02AC86D2075FC9100F47C93 /* change-language.png in Resources */ = {isa = PBXBuildFile; fileRef = D02AC85B2075FC9100F47C93 /* change-language.png */; };
		D02AC86E2075FC9100F47C93 /* dependent.png in Resources */ = {isa = PBXBuildFile; fileRef = D02AC85C2075FC9100F47C93 /* dependent.png */; };
		D02AC8702075FC9100F47C93 /* fingerprint.png in Resources */ = {isa = PBXBuildFile; fileRef = D02AC85E2075FC9100F47C93 /* fingerprint.png */; };
		D02AC8712075FC9100F47C93 /* get-direction.png in Resources */ = {isa = PBXBuildFile; fileRef = D02AC85F2075FC9100F47C93 /* get-direction.png */; };
		D02AC8732075FC9100F47C93 /* like.png in Resources */ = {isa = PBXBuildFile; fileRef = D02AC8612075FC9100F47C93 /* like.png */; };
		D02AC8742075FC9100F47C93 /* Map.png in Resources */ = {isa = PBXBuildFile; fileRef = D02AC8622075FC9100F47C93 /* Map.png */; };
		D02AC8752075FC9100F47C93 /* mobile.png in Resources */ = {isa = PBXBuildFile; fileRef = D02AC8632075FC9100F47C93 /* mobile.png */; };
		D02AC8762075FC9100F47C93 /* next-arrow.png in Resources */ = {isa = PBXBuildFile; fileRef = D02AC8642075FC9100F47C93 /* next-arrow.png */; };
		D02AC8772075FC9100F47C93 /* privacy-policy.png in Resources */ = {isa = PBXBuildFile; fileRef = D02AC8652075FC9100F47C93 /* privacy-policy.png */; };
		D02AC8782075FC9100F47C93 /* profile-icon.png in Resources */ = {isa = PBXBuildFile; fileRef = D02AC8662075FC9100F47C93 /* profile-icon.png */; };
		D02AC8792075FC9100F47C93 /* services.png in Resources */ = {isa = PBXBuildFile; fileRef = D02AC8672075FC9100F47C93 /* services.png */; };
		D02AC87A2075FC9100F47C93 /* terms-&-condition.png in Resources */ = {isa = PBXBuildFile; fileRef = D02AC8682075FC9100F47C93 /* terms-&-condition.png */; };
		D02AC87B2075FC9100F47C93 /* validity.png in Resources */ = {isa = PBXBuildFile; fileRef = D02AC8692075FC9100F47C93 /* validity.png */; };
		D02AC87C2075FC9100F47C93 /* Vector-Smart-Object.png in Resources */ = {isa = PBXBuildFile; fileRef = D02AC86A2075FC9100F47C93 /* Vector-Smart-Object.png */; };
		D02AC880207607A300F47C93 /* VC_dependents.m in Sources */ = {isa = PBXBuildFile; fileRef = D02AC87F207607A300F47C93 /* VC_dependents.m */; };
		D02AC8852076082200F47C93 /* dependents_cell.m in Sources */ = {isa = PBXBuildFile; fileRef = D02AC8832076082200F47C93 /* dependents_cell.m */; };
		D02AC8862076082200F47C93 /* dependents_cell.xib in Resources */ = {isa = PBXBuildFile; fileRef = D02AC8842076082200F47C93 /* dependents_cell.xib */; };
		D02AC88D2076238A00F47C93 /* Futura Bold.ttf in Resources */ = {isa = PBXBuildFile; fileRef = D02AC8872076238A00F47C93 /* Futura Bold.ttf */; };
		D02AC88E2076238A00F47C93 /* Futura Extra Bold.ttf in Resources */ = {isa = PBXBuildFile; fileRef = D02AC8882076238A00F47C93 /* Futura Extra Bold.ttf */; };
		D02AC88F2076238A00F47C93 /* Futura Round Bold.ttf in Resources */ = {isa = PBXBuildFile; fileRef = D02AC8892076238A00F47C93 /* Futura Round Bold.ttf */; };
		D02AC8902076238A00F47C93 /* Futura Std Extra Bold.ttf in Resources */ = {isa = PBXBuildFile; fileRef = D02AC88A2076238A00F47C93 /* Futura Std Extra Bold.ttf */; };
		D02AC8912076238A00F47C93 /* Futura URW Extra Bold.ttf in Resources */ = {isa = PBXBuildFile; fileRef = D02AC88B2076238A00F47C93 /* Futura URW Extra Bold.ttf */; };
		D02AC8922076238A00F47C93 /* FuturaStd Bold.ttf in Resources */ = {isa = PBXBuildFile; fileRef = D02AC88C2076238A00F47C93 /* FuturaStd Bold.ttf */; };
		D02AC896207624AD00F47C93 /* Futura Book.ttf in Resources */ = {isa = PBXBuildFile; fileRef = D02AC893207624AD00F47C93 /* Futura Book.ttf */; };
		D02AC897207624AD00F47C93 /* Futura Std Book.ttf in Resources */ = {isa = PBXBuildFile; fileRef = D02AC894207624AD00F47C93 /* Futura Std Book.ttf */; };
		D02AC898207624AD00F47C93 /* Futura TOT Book.ttf in Resources */ = {isa = PBXBuildFile; fileRef = D02AC895207624AD00F47C93 /* Futura TOT Book.ttf */; };
		D02AC89B207624B700F47C93 /* Futura Heavy.ttf in Resources */ = {isa = PBXBuildFile; fileRef = D02AC899207624B700F47C93 /* Futura Heavy.ttf */; };
		D02AC89C207624B700F47C93 /* Futura Std Heavy.ttf in Resources */ = {isa = PBXBuildFile; fileRef = D02AC89A207624B700F47C93 /* Futura Std Heavy.ttf */; };
		D02AC8A1207624C200F47C93 /* Futura Light.ttf in Resources */ = {isa = PBXBuildFile; fileRef = D02AC89D207624C200F47C93 /* Futura Light.ttf */; };
		D02AC8A2207624C200F47C93 /* Futura SCTOT Light.ttf in Resources */ = {isa = PBXBuildFile; fileRef = D02AC89E207624C200F47C93 /* Futura SCTOT Light.ttf */; };
		D02AC8A3207624C200F47C93 /* Futura Std Light Condensed.ttf in Resources */ = {isa = PBXBuildFile; fileRef = D02AC89F207624C200F47C93 /* Futura Std Light Condensed.ttf */; };
		D02AC8A4207624C200F47C93 /* Futura Std Light.ttf in Resources */ = {isa = PBXBuildFile; fileRef = D02AC8A0207624C200F47C93 /* Futura Std Light.ttf */; };
		D02AC8AA207624D500F47C93 /* Futura Medium.ttf in Resources */ = {isa = PBXBuildFile; fileRef = D02AC8A5207624D500F47C93 /* Futura Medium.ttf */; };
		D02AC8AB207624D500F47C93 /* Futura Std Medium Condensed.ttf in Resources */ = {isa = PBXBuildFile; fileRef = D02AC8A6207624D500F47C93 /* Futura Std Medium Condensed.ttf */; };
		D02AC8AC207624D500F47C93 /* Futura Std Medium.ttf in Resources */ = {isa = PBXBuildFile; fileRef = D02AC8A7207624D500F47C93 /* Futura Std Medium.ttf */; };
		D02AC8AD207624D500F47C93 /* Futura TOT Medium Condensed.ttf in Resources */ = {isa = PBXBuildFile; fileRef = D02AC8A8207624D500F47C93 /* Futura TOT Medium Condensed.ttf */; };
		D02AC8AE207624D500F47C93 /* Futura URW Medium.ttf in Resources */ = {isa = PBXBuildFile; fileRef = D02AC8A9207624D500F47C93 /* Futura URW Medium.ttf */; };
		D02AC8B0207624DE00F47C93 /* Futura Thin.ttf in Resources */ = {isa = PBXBuildFile; fileRef = D02AC8AF207624DE00F47C93 /* Futura Thin.ttf */; };
		D02AC8B22076274700F47C93 /* coupon.png in Resources */ = {isa = PBXBuildFile; fileRef = D02AC8B12076274700F47C93 /* coupon.png */; };
		D02AC8B320762E6B00F47C93 /* Info.plist in Resources */ = {isa = PBXBuildFile; fileRef = D02AC7C52072301D00F47C93 /* Info.plist */; };
		D02FB8F4208DC3C8000BCD3E /* VC_search.m in Sources */ = {isa = PBXBuildFile; fileRef = D02FB8F3208DC3C8000BCD3E /* VC_search.m */; };
		D02FB8F8208DDF35000BCD3E /* VC_offers_search.m in Sources */ = {isa = PBXBuildFile; fileRef = D02FB8F7208DDF35000BCD3E /* VC_offers_search.m */; };
		D02FB8FA208DF5C1000BCD3E /* transparent-BG.png in Resources */ = {isa = PBXBuildFile; fileRef = D02FB8F9208DF5C1000BCD3E /* transparent-BG.png */; };
		D02FB8FD208E1E2F000BCD3E /* TXT_with_out_x.m in Sources */ = {isa = PBXBuildFile; fileRef = D02FB8FC208E1E2F000BCD3E /* TXT_with_out_x.m */; };
		D02FB8FF208E2CE8000BCD3E /* poly_clinic.png in Resources */ = {isa = PBXBuildFile; fileRef = D02FB8FE208E2CE8000BCD3E /* poly_clinic.png */; };
		D02FB91B2090792F000BCD3E /* Assets.xcassets in Resources */ = {isa = PBXBuildFile; fileRef = D02FB9192090792F000BCD3E /* Assets.xcassets */; };
		D02FB91D20907942000BCD3E /* VC_home.m in Sources */ = {isa = PBXBuildFile; fileRef = D02FB91C20907942000BCD3E /* VC_home.m */; };
		D02FB91F2090795B000BCD3E /* VC_home_tab.m in Sources */ = {isa = PBXBuildFile; fileRef = D02FB91E2090795B000BCD3E /* VC_home_tab.m */; };
		D02FB92120907987000BCD3E /* VC_categories.m in Sources */ = {isa = PBXBuildFile; fileRef = D02FB92020907987000BCD3E /* VC_categories.m */; };
		D02FB92320907997000BCD3E /* VC_sub_categories.m in Sources */ = {isa = PBXBuildFile; fileRef = D02FB92220907997000BCD3E /* VC_sub_categories.m */; };
		D02FB925209079A6000BCD3E /* categorie_cell.xib in Resources */ = {isa = PBXBuildFile; fileRef = D02FB924209079A6000BCD3E /* categorie_cell.xib */; };
		D02FB927209079B5000BCD3E /* VC_offers.m in Sources */ = {isa = PBXBuildFile; fileRef = D02FB926209079B5000BCD3E /* VC_offers.m */; };
		D02FB929209079C9000BCD3E /* VC_consultation.m in Sources */ = {isa = PBXBuildFile; fileRef = D02FB928209079C9000BCD3E /* VC_consultation.m */; };
		D02FB92C209079E0000BCD3E /* consultation_cell.xib in Resources */ = {isa = PBXBuildFile; fileRef = D02FB92B209079E0000BCD3E /* consultation_cell.xib */; };
		D02FB92E209079F2000BCD3E /* VC_news.m in Sources */ = {isa = PBXBuildFile; fileRef = D02FB92D209079F2000BCD3E /* VC_news.m */; };
		D02FB93020907A02000BCD3E /* news_cell.xib in Resources */ = {isa = PBXBuildFile; fileRef = D02FB92F20907A02000BCD3E /* news_cell.xib */; };
		D02FB93220907A22000BCD3E /* VC_detail.m in Sources */ = {isa = PBXBuildFile; fileRef = D02FB93120907A22000BCD3E /* VC_detail.m */; };
		D02FB93420907A3E000BCD3E /* offers_cell.xib in Resources */ = {isa = PBXBuildFile; fileRef = D02FB93320907A3E000BCD3E /* offers_cell.xib */; };
		D02FB93620907A49000BCD3E /* VC_favourites.m in Sources */ = {isa = PBXBuildFile; fileRef = D02FB93520907A49000BCD3E /* VC_favourites.m */; };
		D02FB93920907AAF000BCD3E /* consultation_cell.m in Sources */ = {isa = PBXBuildFile; fileRef = D02FB93820907AAF000BCD3E /* consultation_cell.m */; };
		D02FB94120908985000BCD3E /* VC_sign_UP.m in Sources */ = {isa = PBXBuildFile; fileRef = D02FB94020908985000BCD3E /* VC_sign_UP.m */; };
		D02FB9842095BB98000BCD3E /* Main.storyboard in Resources */ = {isa = PBXBuildFile; fileRef = D02FB9832095BB98000BCD3E /* Main.storyboard */; };
		D079D663207B7A470079CA99 /* CFCoverFlowView.m in Sources */ = {isa = PBXBuildFile; fileRef = D079D662207B7A470079CA99 /* CFCoverFlowView.m */; };
		D079D667207C5FC60079CA99 /* search-bar.png in Resources */ = {isa = PBXBuildFile; fileRef = D079D665207C5FC60079CA99 /* search-bar.png */; };
		D079D66C207C78940079CA99 /* offers_list_cell.m in Sources */ = {isa = PBXBuildFile; fileRef = D079D66A207C78940079CA99 /* offers_list_cell.m */; };
		D079D66D207C78940079CA99 /* offers_list_cell.xib in Resources */ = {isa = PBXBuildFile; fileRef = D079D66B207C78940079CA99 /* offers_list_cell.xib */; };
		D079D693207E15140079CA99 /* Futura Std Book Oblique.ttf in Resources */ = {isa = PBXBuildFile; fileRef = D079D692207E15140079CA99 /* Futura Std Book Oblique.ttf */; };
		D079D6D02084CA360079CA99 /* discount3.png in Resources */ = {isa = PBXBuildFile; fileRef = D079D6CF2084CA350079CA99 /* discount3.png */; };
		D079D6D42085F07A0079CA99 /* APIHelper.m in Sources */ = {isa = PBXBuildFile; fileRef = D079D6D32085F07A0079CA99 /* APIHelper.m */; };
		D0AE157F20875B7F004B32CD /* image-1.jpg in Resources */ = {isa = PBXBuildFile; fileRef = D0AE157C20875B7F004B32CD /* image-1.jpg */; };
		D0AE158020875B7F004B32CD /* image-2.jpg in Resources */ = {isa = PBXBuildFile; fileRef = D0AE157D20875B7F004B32CD /* image-2.jpg */; };
		D0AE158120875B7F004B32CD /* image-3.jpg in Resources */ = {isa = PBXBuildFile; fileRef = D0AE157E20875B7F004B32CD /* image-3.jpg */; };
		D0AE158320877309004B32CD /* Health_card.png in Resources */ = {isa = PBXBuildFile; fileRef = D0AE158220877309004B32CD /* Health_card.png */; };
		D0AE158720883C28004B32CD /* VC_health_card.m in Sources */ = {isa = PBXBuildFile; fileRef = D0AE158620883C28004B32CD /* VC_health_card.m */; };
		D0AE158C2088605A004B32CD /* home_cell.m in Sources */ = {isa = PBXBuildFile; fileRef = D0AE158A2088605A004B32CD /* home_cell.m */; };
		D0AE158D2088605A004B32CD /* home_cell.xib in Resources */ = {isa = PBXBuildFile; fileRef = D0AE158B2088605A004B32CD /* home_cell.xib */; };
		D0AE158F20886462004B32CD /* Image-placeholder-2.png in Resources */ = {isa = PBXBuildFile; fileRef = D0AE158E20886462004B32CD /* Image-placeholder-2.png */; };
		D0AE159E208882A5004B32CD /* digital-7 (mono italic).ttf in Resources */ = {isa = PBXBuildFile; fileRef = D0AE159D208882A5004B32CD /* digital-7 (mono italic).ttf */; };
		D0AE15A0208882DA004B32CD /* digital-7.ttf in Resources */ = {isa = PBXBuildFile; fileRef = D0AE159F208882DA004B32CD /* digital-7.ttf */; };
		D0AE15A42089EC48004B32CD /* VC_static_pages.m in Sources */ = {isa = PBXBuildFile; fileRef = D0AE15A32089EC46004B32CD /* VC_static_pages.m */; };
		D0AE15DC208B23CF004B32CD /* DragTableHeaderView_ot.m in Sources */ = {isa = PBXBuildFile; fileRef = D0AE15D3208B23CF004B32CD /* DragTableHeaderView_ot.m */; };
		D0AE15DD208B23CF004B32CD /* DragTableFooterView_ot.m in Sources */ = {isa = PBXBuildFile; fileRef = D0AE15D5208B23CF004B32CD /* DragTableFooterView_ot.m */; };
		D0AE15DE208B23CF004B32CD /* DragTableGestureObserver_ot.m in Sources */ = {isa = PBXBuildFile; fileRef = D0AE15D7208B23CF004B32CD /* DragTableGestureObserver_ot.m */; };
		D0AE15DF208B23CF004B32CD /* UIScrollView+DragTableSafeAnimation.m in Sources */ = {isa = PBXBuildFile; fileRef = D0AE15D9208B23CF004B32CD /* UIScrollView+DragTableSafeAnimation.m */; };
		D0AE15E0208B23CF004B32CD /* ComOpenThreadOTScreenshotHelperSwizzleHelpertable.m in Sources */ = {isa = PBXBuildFile; fileRef = D0AE15DB208B23CF004B32CD /* ComOpenThreadOTScreenshotHelperSwizzleHelpertable.m */; };
		D0AE15F8208B2C91004B32CD /* DGActivityIndicatorBallPulseAnimation.m in Sources */ = {isa = PBXBuildFile; fileRef = D0AE15EF208B2C91004B32CD /* DGActivityIndicatorBallPulseAnimation.m */; };
		D0AE15F9208B2C91004B32CD /* DGActivityIndicatorBallSpinFadeLoader.m in Sources */ = {isa = PBXBuildFile; fileRef = D0AE15F1208B2C91004B32CD /* DGActivityIndicatorBallSpinFadeLoader.m */; };
		D0AE15FA208B2C91004B32CD /* DGActivityIndicatorTriplePulseAnimation.m in Sources */ = {isa = PBXBuildFile; fileRef = D0AE15F3208B2C91004B32CD /* DGActivityIndicatorTriplePulseAnimation.m */; };
		D0AE15FB208B2C91004B32CD /* DGActivityIndicatorTwoDotsAnimation.m in Sources */ = {isa = PBXBuildFile; fileRef = D0AE15F5208B2C91004B32CD /* DGActivityIndicatorTwoDotsAnimation.m */; };
		D0AE15FC208B2C91004B32CD /* DGActivityIndicatorView.m in Sources */ = {isa = PBXBuildFile; fileRef = D0AE15F7208B2C91004B32CD /* DGActivityIndicatorView.m */; };
		D0AE1600208B2CB1004B32CD /* DejalActivityView.m in Sources */ = {isa = PBXBuildFile; fileRef = D0AE15FF208B2CB1004B32CD /* DejalActivityView.m */; };
		D0AE1605208B2CDB004B32CD /* DGActivityIndicatorAnimation.m in Sources */ = {isa = PBXBuildFile; fileRef = D0AE1603208B2CDB004B32CD /* DGActivityIndicatorAnimation.m */; };
		D0F0CA922099DE0300813C9C /* UITableView+NewCategory.m in Sources */ = {isa = PBXBuildFile; fileRef = D0F0CA912099DE0300813C9C /* UITableView+NewCategory.m */; };
/* End PBXBuildFile section */

/* Begin PBXFileReference section */
		6DD2584364BC599693B662AC /* Pods-QIC.release.xcconfig */ = {isa = PBXFileReference; includeInIndex = 1; lastKnownFileType = text.xcconfig; name = "Pods-QIC.release.xcconfig"; path = "Pods/Target Support Files/Pods-QIC/Pods-QIC.release.xcconfig"; sourceTree = "<group>"; };
		CCF1A403BDEB38A3523C5095 /* Pods-QIC.debug.xcconfig */ = {isa = PBXFileReference; includeInIndex = 1; lastKnownFileType = text.xcconfig; name = "Pods-QIC.debug.xcconfig"; path = "Pods/Target Support Files/Pods-QIC/Pods-QIC.debug.xcconfig"; sourceTree = "<group>"; };
		D002556E207730140059A349 /* VC_favourites.h */ = {isa = PBXFileReference; fileEncoding = 4; lastKnownFileType = sourcecode.c.h; path = VC_favourites.h; sourceTree = "<group>"; };
		D0025571207732BE0059A349 /* favourites_cell.h */ = {isa = PBXFileReference; fileEncoding = 4; lastKnownFileType = sourcecode.c.h; path = favourites_cell.h; sourceTree = "<group>"; };
		D0025572207732BE0059A349 /* favourites_cell.m */ = {isa = PBXFileReference; fileEncoding = 4; lastKnownFileType = sourcecode.c.objc; path = favourites_cell.m; sourceTree = "<group>"; };
		D0025573207732BE0059A349 /* favourites_cell.xib */ = {isa = PBXFileReference; fileEncoding = 4; lastKnownFileType = file.xib; path = favourites_cell.xib; sourceTree = "<group>"; };
		D002557720775CF90059A349 /* Profile_langugage_cell.h */ = {isa = PBXFileReference; fileEncoding = 4; lastKnownFileType = sourcecode.c.h; path = Profile_langugage_cell.h; sourceTree = "<group>"; };
		D002557820775CF90059A349 /* Profile_langugage_cell.m */ = {isa = PBXFileReference; fileEncoding = 4; lastKnownFileType = sourcecode.c.objc; path = Profile_langugage_cell.m; sourceTree = "<group>"; };
		D002557B207773690059A349 /* TXT_placeholder.h */ = {isa = PBXFileReference; fileEncoding = 4; lastKnownFileType = sourcecode.c.h; path = TXT_placeholder.h; sourceTree = "<group>"; };
		D002557C207773690059A349 /* TXT_placeholder.m */ = {isa = PBXFileReference; fileEncoding = 4; lastKnownFileType = sourcecode.c.objc; path = TXT_placeholder.m; sourceTree = "<group>"; };
		D00C472B209B2BE700312CFA /* NewRelicAgent.framework */ = {isa = PBXFileReference; lastKnownFileType = wrapper.framework; path = NewRelicAgent.framework; sourceTree = "<group>"; };
		D00C472D209B2BFA00312CFA /* CoreTelephony.framework */ = {isa = PBXFileReference; lastKnownFileType = wrapper.framework; name = CoreTelephony.framework; path = System/Library/Frameworks/CoreTelephony.framework; sourceTree = SDKROOT; };
		D00C472F209B2C0600312CFA /* SystemConfiguration.framework */ = {isa = PBXFileReference; lastKnownFileType = wrapper.framework; name = SystemConfiguration.framework; path = System/Library/Frameworks/SystemConfiguration.framework; sourceTree = SDKROOT; };
		D00C4731209B2C1300312CFA /* libc++.tbd */ = {isa = PBXFileReference; lastKnownFileType = "sourcecode.text-based-dylib-definition"; name = "libc++.tbd"; path = "usr/lib/libc++.tbd"; sourceTree = SDKROOT; };
		D00C4733209B2C2100312CFA /* libz.tbd */ = {isa = PBXFileReference; lastKnownFileType = "sourcecode.text-based-dylib-definition"; name = libz.tbd; path = usr/lib/libz.tbd; sourceTree = SDKROOT; };
		D02AC7B12072301D00F47C93 /* QIC.app */ = {isa = PBXFileReference; explicitFileType = wrapper.application; includeInIndex = 0; path = QIC.app; sourceTree = BUILT_PRODUCTS_DIR; };
		D02AC7B52072301D00F47C93 /* main.m */ = {isa = PBXFileReference; lastKnownFileType = sourcecode.c.objc; path = main.m; sourceTree = "<group>"; };
		D02AC7B72072301D00F47C93 /* AppDelegate.h */ = {isa = PBXFileReference; lastKnownFileType = sourcecode.c.h; path = AppDelegate.h; sourceTree = "<group>"; };
		D02AC7B82072301D00F47C93 /* AppDelegate.m */ = {isa = PBXFileReference; lastKnownFileType = sourcecode.c.objc; path = AppDelegate.m; sourceTree = "<group>"; };
		D02AC7BA2072301D00F47C93 /* ViewController.h */ = {isa = PBXFileReference; lastKnownFileType = sourcecode.c.h; path = ViewController.h; sourceTree = "<group>"; };
		D02AC7BB2072301D00F47C93 /* ViewController.m */ = {isa = PBXFileReference; lastKnownFileType = sourcecode.c.objc; path = ViewController.m; sourceTree = "<group>"; };
		D02AC7C32072301D00F47C93 /* Base */ = {isa = PBXFileReference; lastKnownFileType = file.storyboard; name = Base; path = Base.lproj/LaunchScreen.storyboard; sourceTree = "<group>"; };
		D02AC7C52072301D00F47C93 /* Info.plist */ = {isa = PBXFileReference; lastKnownFileType = text.plist.xml; path = Info.plist; sourceTree = "<group>"; };
		D02AC7CB2072304500F47C93 /* QIC.pch */ = {isa = PBXFileReference; lastKnownFileType = sourcecode.c.h; path = QIC.pch; sourceTree = "<group>"; };
		D02AC7CD2072480C00F47C93 /* VC_home.h */ = {isa = PBXFileReference; fileEncoding = 4; lastKnownFileType = sourcecode.c.h; path = VC_home.h; sourceTree = "<group>"; };
		D02AC7D120724A7A00F47C93 /* FontAwesome.otf */ = {isa = PBXFileReference; lastKnownFileType = file; path = FontAwesome.otf; sourceTree = "<group>"; };
		D02AC7D4207250AB00F47C93 /* homw_tab_bar.h */ = {isa = PBXFileReference; fileEncoding = 4; lastKnownFileType = sourcecode.c.h; path = homw_tab_bar.h; sourceTree = "<group>"; };
		D02AC7D5207250AB00F47C93 /* homw_tab_bar.m */ = {isa = PBXFileReference; fileEncoding = 4; lastKnownFileType = sourcecode.c.objc; path = homw_tab_bar.m; sourceTree = "<group>"; };
		D02AC7D82073334600F47C93 /* VC_categories.h */ = {isa = PBXFileReference; fileEncoding = 4; lastKnownFileType = sourcecode.c.h; path = VC_categories.h; sourceTree = "<group>"; };
		D02AC7DC2073342400F47C93 /* categorie_cell.h */ = {isa = PBXFileReference; fileEncoding = 4; lastKnownFileType = sourcecode.c.h; path = categorie_cell.h; sourceTree = "<group>"; };
		D02AC7DD2073342400F47C93 /* categorie_cell.m */ = {isa = PBXFileReference; fileEncoding = 4; lastKnownFileType = sourcecode.c.objc; path = categorie_cell.m; sourceTree = "<group>"; };
		D02AC7E42073410500F47C93 /* menu_cell.h */ = {isa = PBXFileReference; fileEncoding = 4; lastKnownFileType = sourcecode.c.h; path = menu_cell.h; sourceTree = "<group>"; };
		D02AC7E52073410500F47C93 /* menu_cell.m */ = {isa = PBXFileReference; fileEncoding = 4; lastKnownFileType = sourcecode.c.objc; path = menu_cell.m; sourceTree = "<group>"; };
		D02AC7E62073410500F47C93 /* menu_cell.xib */ = {isa = PBXFileReference; fileEncoding = 4; lastKnownFileType = file.xib; path = menu_cell.xib; sourceTree = "<group>"; };
		D02AC7E92073416A00F47C93 /* upload-27.png */ = {isa = PBXFileReference; lastKnownFileType = image.png; path = "upload-27.png"; sourceTree = "<group>"; };
		D02AC7ED2073599B00F47C93 /* VC_home_tab.h */ = {isa = PBXFileReference; fileEncoding = 4; lastKnownFileType = sourcecode.c.h; path = VC_home_tab.h; sourceTree = "<group>"; };
		D02AC7F120737D4F00F47C93 /* home_page_protocols.h */ = {isa = PBXFileReference; fileEncoding = 4; lastKnownFileType = sourcecode.c.h; path = home_page_protocols.h; sourceTree = "<group>"; };
		D02AC7F22073868C00F47C93 /* Login-Screen-background.jpg */ = {isa = PBXFileReference; lastKnownFileType = image.jpeg; path = "Login-Screen-background.jpg"; sourceTree = "<group>"; };
		D02AC7F32073868C00F47C93 /* Logo.png */ = {isa = PBXFileReference; lastKnownFileType = image.png; path = Logo.png; sourceTree = "<group>"; };
		D02AC7F72073889600F47C93 /* home.png */ = {isa = PBXFileReference; lastKnownFileType = image.png; path = home.png; sourceTree = "<group>"; };
		D02AC7F82073889600F47C93 /* news.png */ = {isa = PBXFileReference; lastKnownFileType = image.png; path = news.png; sourceTree = "<group>"; };
		D02AC7F92073889600F47C93 /* offer.png */ = {isa = PBXFileReference; lastKnownFileType = image.png; path = offer.png; sourceTree = "<group>"; };
		D02AC7FA2073889600F47C93 /* profile.png */ = {isa = PBXFileReference; lastKnownFileType = image.png; path = profile.png; sourceTree = "<group>"; };
		D02AC7FB2073889600F47C93 /* provider.png */ = {isa = PBXFileReference; lastKnownFileType = image.png; path = provider.png; sourceTree = "<group>"; };
		D02AC81320739F0000F47C93 /* VC_news.h */ = {isa = PBXFileReference; fileEncoding = 4; lastKnownFileType = sourcecode.c.h; path = VC_news.h; sourceTree = "<group>"; };
		D02AC8172073A02A00F47C93 /* VC_offers.h */ = {isa = PBXFileReference; fileEncoding = 4; lastKnownFileType = sourcecode.c.h; path = VC_offers.h; sourceTree = "<group>"; };
		D02AC81B2074766100F47C93 /* VC_profile.h */ = {isa = PBXFileReference; fileEncoding = 4; lastKnownFileType = sourcecode.c.h; path = VC_profile.h; sourceTree = "<group>"; };
		D02AC81C2074766100F47C93 /* VC_profile.m */ = {isa = PBXFileReference; fileEncoding = 4; lastKnownFileType = sourcecode.c.objc; path = VC_profile.m; sourceTree = "<group>"; };
		D02AC81F2074768200F47C93 /* TXT_profile.h */ = {isa = PBXFileReference; fileEncoding = 4; lastKnownFileType = sourcecode.c.h; path = TXT_profile.h; sourceTree = "<group>"; };
		D02AC8202074768200F47C93 /* TXT_profile.m */ = {isa = PBXFileReference; fileEncoding = 4; lastKnownFileType = sourcecode.c.objc; path = TXT_profile.m; sourceTree = "<group>"; };
		D02AC82320747EF000F47C93 /* profile_cell.h */ = {isa = PBXFileReference; fileEncoding = 4; lastKnownFileType = sourcecode.c.h; path = profile_cell.h; sourceTree = "<group>"; };
		D02AC82420747EF000F47C93 /* profile_cell.m */ = {isa = PBXFileReference; fileEncoding = 4; lastKnownFileType = sourcecode.c.objc; path = profile_cell.m; sourceTree = "<group>"; };
		D02AC82520747EF000F47C93 /* profile_cell.xib */ = {isa = PBXFileReference; fileEncoding = 4; lastKnownFileType = file.xib; path = profile_cell.xib; sourceTree = "<group>"; };
		D02AC8292074992F00F47C93 /* news_cell.h */ = {isa = PBXFileReference; fileEncoding = 4; lastKnownFileType = sourcecode.c.h; path = news_cell.h; sourceTree = "<group>"; };
		D02AC82A2074992F00F47C93 /* news_cell.m */ = {isa = PBXFileReference; fileEncoding = 4; lastKnownFileType = sourcecode.c.objc; path = news_cell.m; sourceTree = "<group>"; };
		D02AC83120749F2500F47C93 /* VC_sub_categories.h */ = {isa = PBXFileReference; fileEncoding = 4; lastKnownFileType = sourcecode.c.h; path = VC_sub_categories.h; sourceTree = "<group>"; };
		D02AC8352074AA5600F47C93 /* subcategory_cell.h */ = {isa = PBXFileReference; fileEncoding = 4; lastKnownFileType = sourcecode.c.h; path = subcategory_cell.h; sourceTree = "<group>"; };
		D02AC8362074AA5600F47C93 /* subcategory_cell.m */ = {isa = PBXFileReference; fileEncoding = 4; lastKnownFileType = sourcecode.c.objc; path = subcategory_cell.m; sourceTree = "<group>"; };
		D02AC8372074AA5600F47C93 /* subcategory_cell.xib */ = {isa = PBXFileReference; fileEncoding = 4; lastKnownFileType = file.xib; path = subcategory_cell.xib; sourceTree = "<group>"; };
		D02AC8452074DA4900F47C93 /* VC_detail.h */ = {isa = PBXFileReference; fileEncoding = 4; lastKnownFileType = sourcecode.c.h; path = VC_detail.h; sourceTree = "<group>"; };
		D02AC84D2075D31500F47C93 /* HMSegmentedControl.h */ = {isa = PBXFileReference; fileEncoding = 4; lastKnownFileType = sourcecode.c.h; path = HMSegmentedControl.h; sourceTree = "<group>"; };
		D02AC84E2075D31500F47C93 /* HMSegmentedControl.m */ = {isa = PBXFileReference; fileEncoding = 4; lastKnownFileType = sourcecode.c.objc; path = HMSegmentedControl.m; sourceTree = "<group>"; };
		D02AC8512075D53000F47C93 /* offers_cell.h */ = {isa = PBXFileReference; fileEncoding = 4; lastKnownFileType = sourcecode.c.h; path = offers_cell.h; sourceTree = "<group>"; };
		D02AC8522075D53000F47C93 /* offers_cell.m */ = {isa = PBXFileReference; fileEncoding = 4; lastKnownFileType = sourcecode.c.objc; path = offers_cell.m; sourceTree = "<group>"; };
		D02AC8592075FC9100F47C93 /* About-QIC.png */ = {isa = PBXFileReference; lastKnownFileType = image.png; path = "About-QIC.png"; sourceTree = "<group>"; };
		D02AC85A2075FC9100F47C93 /* call-button.png */ = {isa = PBXFileReference; lastKnownFileType = image.png; path = "call-button.png"; sourceTree = "<group>"; };
		D02AC85B2075FC9100F47C93 /* change-language.png */ = {isa = PBXFileReference; lastKnownFileType = image.png; path = "change-language.png"; sourceTree = "<group>"; };
		D02AC85C2075FC9100F47C93 /* dependent.png */ = {isa = PBXFileReference; lastKnownFileType = image.png; path = dependent.png; sourceTree = "<group>"; };
		D02AC85E2075FC9100F47C93 /* fingerprint.png */ = {isa = PBXFileReference; lastKnownFileType = image.png; path = fingerprint.png; sourceTree = "<group>"; };
		D02AC85F2075FC9100F47C93 /* get-direction.png */ = {isa = PBXFileReference; lastKnownFileType = image.png; path = "get-direction.png"; sourceTree = "<group>"; };
		D02AC8612075FC9100F47C93 /* like.png */ = {isa = PBXFileReference; lastKnownFileType = image.png; path = like.png; sourceTree = "<group>"; };
		D02AC8622075FC9100F47C93 /* Map.png */ = {isa = PBXFileReference; lastKnownFileType = image.png; path = Map.png; sourceTree = "<group>"; };
		D02AC8632075FC9100F47C93 /* mobile.png */ = {isa = PBXFileReference; lastKnownFileType = image.png; path = mobile.png; sourceTree = "<group>"; };
		D02AC8642075FC9100F47C93 /* next-arrow.png */ = {isa = PBXFileReference; lastKnownFileType = image.png; path = "next-arrow.png"; sourceTree = "<group>"; };
		D02AC8652075FC9100F47C93 /* privacy-policy.png */ = {isa = PBXFileReference; lastKnownFileType = image.png; path = "privacy-policy.png"; sourceTree = "<group>"; };
		D02AC8662075FC9100F47C93 /* profile-icon.png */ = {isa = PBXFileReference; lastKnownFileType = image.png; path = "profile-icon.png"; sourceTree = "<group>"; };
		D02AC8672075FC9100F47C93 /* services.png */ = {isa = PBXFileReference; lastKnownFileType = image.png; path = services.png; sourceTree = "<group>"; };
		D02AC8682075FC9100F47C93 /* terms-&-condition.png */ = {isa = PBXFileReference; lastKnownFileType = image.png; path = "terms-&-condition.png"; sourceTree = "<group>"; };
		D02AC8692075FC9100F47C93 /* validity.png */ = {isa = PBXFileReference; lastKnownFileType = image.png; path = validity.png; sourceTree = "<group>"; };
		D02AC86A2075FC9100F47C93 /* Vector-Smart-Object.png */ = {isa = PBXFileReference; lastKnownFileType = image.png; path = "Vector-Smart-Object.png"; sourceTree = "<group>"; };
		D02AC87E207607A300F47C93 /* VC_dependents.h */ = {isa = PBXFileReference; fileEncoding = 4; lastKnownFileType = sourcecode.c.h; path = VC_dependents.h; sourceTree = "<group>"; };
		D02AC87F207607A300F47C93 /* VC_dependents.m */ = {isa = PBXFileReference; fileEncoding = 4; lastKnownFileType = sourcecode.c.objc; path = VC_dependents.m; sourceTree = "<group>"; };
		D02AC8822076082200F47C93 /* dependents_cell.h */ = {isa = PBXFileReference; fileEncoding = 4; lastKnownFileType = sourcecode.c.h; path = dependents_cell.h; sourceTree = "<group>"; };
		D02AC8832076082200F47C93 /* dependents_cell.m */ = {isa = PBXFileReference; fileEncoding = 4; lastKnownFileType = sourcecode.c.objc; path = dependents_cell.m; sourceTree = "<group>"; };
		D02AC8842076082200F47C93 /* dependents_cell.xib */ = {isa = PBXFileReference; fileEncoding = 4; lastKnownFileType = file.xib; path = dependents_cell.xib; sourceTree = "<group>"; };
		D02AC8872076238A00F47C93 /* Futura Bold.ttf */ = {isa = PBXFileReference; lastKnownFileType = file; path = "Futura Bold.ttf"; sourceTree = "<group>"; };
		D02AC8882076238A00F47C93 /* Futura Extra Bold.ttf */ = {isa = PBXFileReference; lastKnownFileType = file; path = "Futura Extra Bold.ttf"; sourceTree = "<group>"; };
		D02AC8892076238A00F47C93 /* Futura Round Bold.ttf */ = {isa = PBXFileReference; lastKnownFileType = file; path = "Futura Round Bold.ttf"; sourceTree = "<group>"; };
		D02AC88A2076238A00F47C93 /* Futura Std Extra Bold.ttf */ = {isa = PBXFileReference; lastKnownFileType = file; path = "Futura Std Extra Bold.ttf"; sourceTree = "<group>"; };
		D02AC88B2076238A00F47C93 /* Futura URW Extra Bold.ttf */ = {isa = PBXFileReference; lastKnownFileType = file; path = "Futura URW Extra Bold.ttf"; sourceTree = "<group>"; };
		D02AC88C2076238A00F47C93 /* FuturaStd Bold.ttf */ = {isa = PBXFileReference; lastKnownFileType = file; path = "FuturaStd Bold.ttf"; sourceTree = "<group>"; };
		D02AC893207624AD00F47C93 /* Futura Book.ttf */ = {isa = PBXFileReference; lastKnownFileType = file; path = "Futura Book.ttf"; sourceTree = "<group>"; };
		D02AC894207624AD00F47C93 /* Futura Std Book.ttf */ = {isa = PBXFileReference; lastKnownFileType = file; path = "Futura Std Book.ttf"; sourceTree = "<group>"; };
		D02AC895207624AD00F47C93 /* Futura TOT Book.ttf */ = {isa = PBXFileReference; lastKnownFileType = file; path = "Futura TOT Book.ttf"; sourceTree = "<group>"; };
		D02AC899207624B700F47C93 /* Futura Heavy.ttf */ = {isa = PBXFileReference; lastKnownFileType = file; path = "Futura Heavy.ttf"; sourceTree = "<group>"; };
		D02AC89A207624B700F47C93 /* Futura Std Heavy.ttf */ = {isa = PBXFileReference; lastKnownFileType = file; path = "Futura Std Heavy.ttf"; sourceTree = "<group>"; };
		D02AC89D207624C200F47C93 /* Futura Light.ttf */ = {isa = PBXFileReference; lastKnownFileType = file; path = "Futura Light.ttf"; sourceTree = "<group>"; };
		D02AC89E207624C200F47C93 /* Futura SCTOT Light.ttf */ = {isa = PBXFileReference; lastKnownFileType = file; path = "Futura SCTOT Light.ttf"; sourceTree = "<group>"; };
		D02AC89F207624C200F47C93 /* Futura Std Light Condensed.ttf */ = {isa = PBXFileReference; lastKnownFileType = file; path = "Futura Std Light Condensed.ttf"; sourceTree = "<group>"; };
		D02AC8A0207624C200F47C93 /* Futura Std Light.ttf */ = {isa = PBXFileReference; lastKnownFileType = file; path = "Futura Std Light.ttf"; sourceTree = "<group>"; };
		D02AC8A5207624D500F47C93 /* Futura Medium.ttf */ = {isa = PBXFileReference; lastKnownFileType = file; path = "Futura Medium.ttf"; sourceTree = "<group>"; };
		D02AC8A6207624D500F47C93 /* Futura Std Medium Condensed.ttf */ = {isa = PBXFileReference; lastKnownFileType = file; path = "Futura Std Medium Condensed.ttf"; sourceTree = "<group>"; };
		D02AC8A7207624D500F47C93 /* Futura Std Medium.ttf */ = {isa = PBXFileReference; lastKnownFileType = file; path = "Futura Std Medium.ttf"; sourceTree = "<group>"; };
		D02AC8A8207624D500F47C93 /* Futura TOT Medium Condensed.ttf */ = {isa = PBXFileReference; lastKnownFileType = file; path = "Futura TOT Medium Condensed.ttf"; sourceTree = "<group>"; };
		D02AC8A9207624D500F47C93 /* Futura URW Medium.ttf */ = {isa = PBXFileReference; lastKnownFileType = file; path = "Futura URW Medium.ttf"; sourceTree = "<group>"; };
		D02AC8AF207624DE00F47C93 /* Futura Thin.ttf */ = {isa = PBXFileReference; lastKnownFileType = file; path = "Futura Thin.ttf"; sourceTree = "<group>"; };
		D02AC8B12076274700F47C93 /* coupon.png */ = {isa = PBXFileReference; lastKnownFileType = image.png; path = coupon.png; sourceTree = "<group>"; };
		D02FB8F2208DC3C8000BCD3E /* VC_search.h */ = {isa = PBXFileReference; fileEncoding = 4; lastKnownFileType = sourcecode.c.h; path = VC_search.h; sourceTree = "<group>"; };
		D02FB8F3208DC3C8000BCD3E /* VC_search.m */ = {isa = PBXFileReference; fileEncoding = 4; lastKnownFileType = sourcecode.c.objc; path = VC_search.m; sourceTree = "<group>"; };
		D02FB8F6208DDF35000BCD3E /* VC_offers_search.h */ = {isa = PBXFileReference; fileEncoding = 4; lastKnownFileType = sourcecode.c.h; path = VC_offers_search.h; sourceTree = "<group>"; };
		D02FB8F7208DDF35000BCD3E /* VC_offers_search.m */ = {isa = PBXFileReference; fileEncoding = 4; lastKnownFileType = sourcecode.c.objc; path = VC_offers_search.m; sourceTree = "<group>"; };
		D02FB8F9208DF5C1000BCD3E /* transparent-BG.png */ = {isa = PBXFileReference; lastKnownFileType = image.png; path = "transparent-BG.png"; sourceTree = "<group>"; };
		D02FB8FB208E1E2F000BCD3E /* TXT_with_out_x.h */ = {isa = PBXFileReference; fileEncoding = 4; lastKnownFileType = sourcecode.c.h; path = TXT_with_out_x.h; sourceTree = "<group>"; };
		D02FB8FC208E1E2F000BCD3E /* TXT_with_out_x.m */ = {isa = PBXFileReference; fileEncoding = 4; lastKnownFileType = sourcecode.c.objc; path = TXT_with_out_x.m; sourceTree = "<group>"; };
		D02FB8FE208E2CE8000BCD3E /* poly_clinic.png */ = {isa = PBXFileReference; lastKnownFileType = image.png; path = poly_clinic.png; sourceTree = "<group>"; };
		D02FB9192090792F000BCD3E /* Assets.xcassets */ = {isa = PBXFileReference; lastKnownFileType = folder.assetcatalog; name = Assets.xcassets; path = ../../QIC/QIC/Assets.xcassets; sourceTree = "<group>"; };
		D02FB91C20907942000BCD3E /* VC_home.m */ = {isa = PBXFileReference; fileEncoding = 4; lastKnownFileType = sourcecode.c.objc; path = VC_home.m; sourceTree = "<group>"; };
		D02FB91E2090795B000BCD3E /* VC_home_tab.m */ = {isa = PBXFileReference; fileEncoding = 4; lastKnownFileType = sourcecode.c.objc; path = VC_home_tab.m; sourceTree = "<group>"; };
		D02FB92020907987000BCD3E /* VC_categories.m */ = {isa = PBXFileReference; fileEncoding = 4; lastKnownFileType = sourcecode.c.objc; path = VC_categories.m; sourceTree = "<group>"; };
		D02FB92220907997000BCD3E /* VC_sub_categories.m */ = {isa = PBXFileReference; fileEncoding = 4; lastKnownFileType = sourcecode.c.objc; path = VC_sub_categories.m; sourceTree = "<group>"; };
		D02FB924209079A6000BCD3E /* categorie_cell.xib */ = {isa = PBXFileReference; fileEncoding = 4; lastKnownFileType = file.xib; path = categorie_cell.xib; sourceTree = "<group>"; };
		D02FB926209079B5000BCD3E /* VC_offers.m */ = {isa = PBXFileReference; fileEncoding = 4; lastKnownFileType = sourcecode.c.objc; path = VC_offers.m; sourceTree = "<group>"; };
		D02FB928209079C9000BCD3E /* VC_consultation.m */ = {isa = PBXFileReference; fileEncoding = 4; lastKnownFileType = sourcecode.c.objc; path = VC_consultation.m; sourceTree = "<group>"; };
		D02FB92A209079E0000BCD3E /* consultation_cell.h */ = {isa = PBXFileReference; fileEncoding = 4; lastKnownFileType = sourcecode.c.h; path = consultation_cell.h; sourceTree = "<group>"; };
		D02FB92B209079E0000BCD3E /* consultation_cell.xib */ = {isa = PBXFileReference; fileEncoding = 4; lastKnownFileType = file.xib; path = consultation_cell.xib; sourceTree = "<group>"; };
		D02FB92D209079F2000BCD3E /* VC_news.m */ = {isa = PBXFileReference; fileEncoding = 4; lastKnownFileType = sourcecode.c.objc; path = VC_news.m; sourceTree = "<group>"; };
		D02FB92F20907A02000BCD3E /* news_cell.xib */ = {isa = PBXFileReference; fileEncoding = 4; lastKnownFileType = file.xib; path = news_cell.xib; sourceTree = "<group>"; };
		D02FB93120907A22000BCD3E /* VC_detail.m */ = {isa = PBXFileReference; fileEncoding = 4; lastKnownFileType = sourcecode.c.objc; path = VC_detail.m; sourceTree = "<group>"; };
		D02FB93320907A3E000BCD3E /* offers_cell.xib */ = {isa = PBXFileReference; fileEncoding = 4; lastKnownFileType = file.xib; path = offers_cell.xib; sourceTree = "<group>"; };
		D02FB93520907A49000BCD3E /* VC_favourites.m */ = {isa = PBXFileReference; fileEncoding = 4; lastKnownFileType = sourcecode.c.objc; path = VC_favourites.m; sourceTree = "<group>"; };
		D02FB93720907AA7000BCD3E /* VC_consultation.h */ = {isa = PBXFileReference; fileEncoding = 4; lastKnownFileType = sourcecode.c.h; path = VC_consultation.h; sourceTree = "<group>"; };
		D02FB93820907AAF000BCD3E /* consultation_cell.m */ = {isa = PBXFileReference; fileEncoding = 4; lastKnownFileType = sourcecode.c.objc; path = consultation_cell.m; sourceTree = "<group>"; };
		D02FB93F20908985000BCD3E /* VC_sign_UP.h */ = {isa = PBXFileReference; fileEncoding = 4; lastKnownFileType = sourcecode.c.h; path = VC_sign_UP.h; sourceTree = "<group>"; };
		D02FB94020908985000BCD3E /* VC_sign_UP.m */ = {isa = PBXFileReference; fileEncoding = 4; lastKnownFileType = sourcecode.c.objc; path = VC_sign_UP.m; sourceTree = "<group>"; };
		D02FB9832095BB98000BCD3E /* Main.storyboard */ = {isa = PBXFileReference; fileEncoding = 4; lastKnownFileType = file.storyboard; path = Main.storyboard; sourceTree = "<group>"; };
		D079D661207B7A470079CA99 /* CFCoverFlowView.h */ = {isa = PBXFileReference; fileEncoding = 4; lastKnownFileType = sourcecode.c.h; path = CFCoverFlowView.h; sourceTree = "<group>"; };
		D079D662207B7A470079CA99 /* CFCoverFlowView.m */ = {isa = PBXFileReference; fileEncoding = 4; lastKnownFileType = sourcecode.c.objc; path = CFCoverFlowView.m; sourceTree = "<group>"; };
		D079D665207C5FC60079CA99 /* search-bar.png */ = {isa = PBXFileReference; lastKnownFileType = image.png; path = "search-bar.png"; sourceTree = "<group>"; };
		D079D669207C78940079CA99 /* offers_list_cell.h */ = {isa = PBXFileReference; fileEncoding = 4; lastKnownFileType = sourcecode.c.h; path = offers_list_cell.h; sourceTree = "<group>"; };
		D079D66A207C78940079CA99 /* offers_list_cell.m */ = {isa = PBXFileReference; fileEncoding = 4; lastKnownFileType = sourcecode.c.objc; path = offers_list_cell.m; sourceTree = "<group>"; };
		D079D66B207C78940079CA99 /* offers_list_cell.xib */ = {isa = PBXFileReference; fileEncoding = 4; lastKnownFileType = file.xib; path = offers_list_cell.xib; sourceTree = "<group>"; };
		D079D692207E15140079CA99 /* Futura Std Book Oblique.ttf */ = {isa = PBXFileReference; lastKnownFileType = file; path = "Futura Std Book Oblique.ttf"; sourceTree = "<group>"; };
		D079D6CF2084CA350079CA99 /* discount3.png */ = {isa = PBXFileReference; lastKnownFileType = image.png; path = discount3.png; sourceTree = "<group>"; };
		D079D6D22085F07A0079CA99 /* APIHelper.h */ = {isa = PBXFileReference; fileEncoding = 4; lastKnownFileType = sourcecode.c.h; path = APIHelper.h; sourceTree = "<group>"; };
		D079D6D32085F07A0079CA99 /* APIHelper.m */ = {isa = PBXFileReference; fileEncoding = 4; lastKnownFileType = sourcecode.c.objc; path = APIHelper.m; sourceTree = "<group>"; };
		D0AE157C20875B7F004B32CD /* image-1.jpg */ = {isa = PBXFileReference; lastKnownFileType = image.jpeg; path = "image-1.jpg"; sourceTree = "<group>"; };
		D0AE157D20875B7F004B32CD /* image-2.jpg */ = {isa = PBXFileReference; lastKnownFileType = image.jpeg; path = "image-2.jpg"; sourceTree = "<group>"; };
		D0AE157E20875B7F004B32CD /* image-3.jpg */ = {isa = PBXFileReference; lastKnownFileType = image.jpeg; path = "image-3.jpg"; sourceTree = "<group>"; };
		D0AE158220877309004B32CD /* Health_card.png */ = {isa = PBXFileReference; lastKnownFileType = image.png; path = Health_card.png; sourceTree = "<group>"; };
		D0AE158520883C28004B32CD /* VC_health_card.h */ = {isa = PBXFileReference; fileEncoding = 4; lastKnownFileType = sourcecode.c.h; path = VC_health_card.h; sourceTree = "<group>"; };
		D0AE158620883C28004B32CD /* VC_health_card.m */ = {isa = PBXFileReference; fileEncoding = 4; lastKnownFileType = sourcecode.c.objc; path = VC_health_card.m; sourceTree = "<group>"; };
		D0AE15892088605A004B32CD /* home_cell.h */ = {isa = PBXFileReference; fileEncoding = 4; lastKnownFileType = sourcecode.c.h; path = home_cell.h; sourceTree = "<group>"; };
		D0AE158A2088605A004B32CD /* home_cell.m */ = {isa = PBXFileReference; fileEncoding = 4; lastKnownFileType = sourcecode.c.objc; path = home_cell.m; sourceTree = "<group>"; };
		D0AE158B2088605A004B32CD /* home_cell.xib */ = {isa = PBXFileReference; fileEncoding = 4; lastKnownFileType = file.xib; path = home_cell.xib; sourceTree = "<group>"; };
		D0AE158E20886462004B32CD /* Image-placeholder-2.png */ = {isa = PBXFileReference; lastKnownFileType = image.png; path = "Image-placeholder-2.png"; sourceTree = "<group>"; };
		D0AE159D208882A5004B32CD /* digital-7 (mono italic).ttf */ = {isa = PBXFileReference; lastKnownFileType = file; path = "digital-7 (mono italic).ttf"; sourceTree = "<group>"; };
		D0AE159F208882DA004B32CD /* digital-7.ttf */ = {isa = PBXFileReference; lastKnownFileType = file; path = "digital-7.ttf"; sourceTree = "<group>"; };
		D0AE15A22089EC46004B32CD /* VC_static_pages.h */ = {isa = PBXFileReference; fileEncoding = 4; lastKnownFileType = sourcecode.c.h; path = VC_static_pages.h; sourceTree = "<group>"; };
		D0AE15A32089EC46004B32CD /* VC_static_pages.m */ = {isa = PBXFileReference; fileEncoding = 4; lastKnownFileType = sourcecode.c.objc; path = VC_static_pages.m; sourceTree = "<group>"; };
		D0AE15D1208B23CF004B32CD /* DragTableDragState_ot.h */ = {isa = PBXFileReference; fileEncoding = 4; lastKnownFileType = sourcecode.c.h; path = DragTableDragState_ot.h; sourceTree = "<group>"; };
		D0AE15D2208B23CF004B32CD /* DragTableHeaderView_ot.h */ = {isa = PBXFileReference; fileEncoding = 4; lastKnownFileType = sourcecode.c.h; path = DragTableHeaderView_ot.h; sourceTree = "<group>"; };
		D0AE15D3208B23CF004B32CD /* DragTableHeaderView_ot.m */ = {isa = PBXFileReference; fileEncoding = 4; lastKnownFileType = sourcecode.c.objc; path = DragTableHeaderView_ot.m; sourceTree = "<group>"; };
		D0AE15D4208B23CF004B32CD /* DragTableFooterView_ot.h */ = {isa = PBXFileReference; fileEncoding = 4; lastKnownFileType = sourcecode.c.h; path = DragTableFooterView_ot.h; sourceTree = "<group>"; };
		D0AE15D5208B23CF004B32CD /* DragTableFooterView_ot.m */ = {isa = PBXFileReference; fileEncoding = 4; lastKnownFileType = sourcecode.c.objc; path = DragTableFooterView_ot.m; sourceTree = "<group>"; };
		D0AE15D6208B23CF004B32CD /* DragTableGestureObserver_ot.h */ = {isa = PBXFileReference; fileEncoding = 4; lastKnownFileType = sourcecode.c.h; path = DragTableGestureObserver_ot.h; sourceTree = "<group>"; };
		D0AE15D7208B23CF004B32CD /* DragTableGestureObserver_ot.m */ = {isa = PBXFileReference; fileEncoding = 4; lastKnownFileType = sourcecode.c.objc; path = DragTableGestureObserver_ot.m; sourceTree = "<group>"; };
		D0AE15D8208B23CF004B32CD /* UIScrollView+DragTableSafeAnimation.h */ = {isa = PBXFileReference; fileEncoding = 4; lastKnownFileType = sourcecode.c.h; path = "UIScrollView+DragTableSafeAnimation.h"; sourceTree = "<group>"; };
		D0AE15D9208B23CF004B32CD /* UIScrollView+DragTableSafeAnimation.m */ = {isa = PBXFileReference; fileEncoding = 4; lastKnownFileType = sourcecode.c.objc; path = "UIScrollView+DragTableSafeAnimation.m"; sourceTree = "<group>"; };
		D0AE15DA208B23CF004B32CD /* ComOpenThreadOTScreenshotHelperSwizzleHelpertable.h */ = {isa = PBXFileReference; fileEncoding = 4; lastKnownFileType = sourcecode.c.h; path = ComOpenThreadOTScreenshotHelperSwizzleHelpertable.h; sourceTree = "<group>"; };
		D0AE15DB208B23CF004B32CD /* ComOpenThreadOTScreenshotHelperSwizzleHelpertable.m */ = {isa = PBXFileReference; fileEncoding = 4; lastKnownFileType = sourcecode.c.objc; path = ComOpenThreadOTScreenshotHelperSwizzleHelpertable.m; sourceTree = "<group>"; };
		D0AE15E1208B23F6004B32CD /* UITableView+NewCategory.h */ = {isa = PBXFileReference; fileEncoding = 4; lastKnownFileType = sourcecode.c.h; path = "UITableView+NewCategory.h"; sourceTree = "<group>"; };
		D0AE15EE208B2C91004B32CD /* DGActivityIndicatorBallPulseAnimation.h */ = {isa = PBXFileReference; fileEncoding = 4; lastKnownFileType = sourcecode.c.h; path = DGActivityIndicatorBallPulseAnimation.h; sourceTree = "<group>"; };
		D0AE15EF208B2C91004B32CD /* DGActivityIndicatorBallPulseAnimation.m */ = {isa = PBXFileReference; fileEncoding = 4; lastKnownFileType = sourcecode.c.objc; path = DGActivityIndicatorBallPulseAnimation.m; sourceTree = "<group>"; };
		D0AE15F0208B2C91004B32CD /* DGActivityIndicatorBallSpinFadeLoader.h */ = {isa = PBXFileReference; fileEncoding = 4; lastKnownFileType = sourcecode.c.h; path = DGActivityIndicatorBallSpinFadeLoader.h; sourceTree = "<group>"; };
		D0AE15F1208B2C91004B32CD /* DGActivityIndicatorBallSpinFadeLoader.m */ = {isa = PBXFileReference; fileEncoding = 4; lastKnownFileType = sourcecode.c.objc; path = DGActivityIndicatorBallSpinFadeLoader.m; sourceTree = "<group>"; };
		D0AE15F2208B2C91004B32CD /* DGActivityIndicatorTriplePulseAnimation.h */ = {isa = PBXFileReference; fileEncoding = 4; lastKnownFileType = sourcecode.c.h; path = DGActivityIndicatorTriplePulseAnimation.h; sourceTree = "<group>"; };
		D0AE15F3208B2C91004B32CD /* DGActivityIndicatorTriplePulseAnimation.m */ = {isa = PBXFileReference; fileEncoding = 4; lastKnownFileType = sourcecode.c.objc; path = DGActivityIndicatorTriplePulseAnimation.m; sourceTree = "<group>"; };
		D0AE15F4208B2C91004B32CD /* DGActivityIndicatorTwoDotsAnimation.h */ = {isa = PBXFileReference; fileEncoding = 4; lastKnownFileType = sourcecode.c.h; path = DGActivityIndicatorTwoDotsAnimation.h; sourceTree = "<group>"; };
		D0AE15F5208B2C91004B32CD /* DGActivityIndicatorTwoDotsAnimation.m */ = {isa = PBXFileReference; fileEncoding = 4; lastKnownFileType = sourcecode.c.objc; path = DGActivityIndicatorTwoDotsAnimation.m; sourceTree = "<group>"; };
		D0AE15F6208B2C91004B32CD /* DGActivityIndicatorView.h */ = {isa = PBXFileReference; fileEncoding = 4; lastKnownFileType = sourcecode.c.h; path = DGActivityIndicatorView.h; sourceTree = "<group>"; };
		D0AE15F7208B2C91004B32CD /* DGActivityIndicatorView.m */ = {isa = PBXFileReference; fileEncoding = 4; lastKnownFileType = sourcecode.c.objc; path = DGActivityIndicatorView.m; sourceTree = "<group>"; };
		D0AE15FE208B2CB1004B32CD /* DejalActivityView.h */ = {isa = PBXFileReference; fileEncoding = 4; lastKnownFileType = sourcecode.c.h; path = DejalActivityView.h; sourceTree = "<group>"; };
		D0AE15FF208B2CB1004B32CD /* DejalActivityView.m */ = {isa = PBXFileReference; fileEncoding = 4; lastKnownFileType = sourcecode.c.objc; path = DejalActivityView.m; sourceTree = "<group>"; };
		D0AE1602208B2CDB004B32CD /* DGActivityIndicatorAnimation.h */ = {isa = PBXFileReference; fileEncoding = 4; lastKnownFileType = sourcecode.c.h; path = DGActivityIndicatorAnimation.h; sourceTree = "<group>"; };
		D0AE1603208B2CDB004B32CD /* DGActivityIndicatorAnimation.m */ = {isa = PBXFileReference; fileEncoding = 4; lastKnownFileType = sourcecode.c.objc; path = DGActivityIndicatorAnimation.m; sourceTree = "<group>"; };
		D0AE1604208B2CDB004B32CD /* DGActivityIndicatorAnimationProtocol.h */ = {isa = PBXFileReference; fileEncoding = 4; lastKnownFileType = sourcecode.c.h; path = DGActivityIndicatorAnimationProtocol.h; sourceTree = "<group>"; };
		D0F0CA912099DE0300813C9C /* UITableView+NewCategory.m */ = {isa = PBXFileReference; fileEncoding = 4; lastKnownFileType = sourcecode.c.objc; path = "UITableView+NewCategory.m"; sourceTree = "<group>"; };
		F0AA4F7C14BB65B3BEBED902 /* libPods-QIC.a */ = {isa = PBXFileReference; explicitFileType = archive.ar; includeInIndex = 0; path = "libPods-QIC.a"; sourceTree = BUILT_PRODUCTS_DIR; };
/* End PBXFileReference section */

/* Begin PBXFrameworksBuildPhase section */
		D02AC7AE2072301D00F47C93 /* Frameworks */ = {
			isa = PBXFrameworksBuildPhase;
			buildActionMask = 2147483647;
			files = (
				D00C4734209B2C2100312CFA /* libz.tbd in Frameworks */,
				D00C4732209B2C1400312CFA /* libc++.tbd in Frameworks */,
				D00C4730209B2C0600312CFA /* SystemConfiguration.framework in Frameworks */,
				D00C472E209B2BFA00312CFA /* CoreTelephony.framework in Frameworks */,
				64B522C230F531A38E1DA83C /* libPods-QIC.a in Frameworks */,
				D00C472C209B2BE700312CFA /* NewRelicAgent.framework in Frameworks */,
			);
			runOnlyForDeploymentPostprocessing = 0;
		};
/* End PBXFrameworksBuildPhase section */

/* Begin PBXGroup section */
		016ABE74970599615BE0A7C8 /* Frameworks */ = {
			isa = PBXGroup;
			children = (
				D00C4733209B2C2100312CFA /* libz.tbd */,
				D00C4731209B2C1300312CFA /* libc++.tbd */,
				D00C472F209B2C0600312CFA /* SystemConfiguration.framework */,
				D00C472D209B2BFA00312CFA /* CoreTelephony.framework */,
				D00C472B209B2BE700312CFA /* NewRelicAgent.framework */,
				F0AA4F7C14BB65B3BEBED902 /* libPods-QIC.a */,
			);
			name = Frameworks;
			sourceTree = "<group>";
		};
		4EFD63FBD3BCFD193EA33222 /* Pods */ = {
			isa = PBXGroup;
			children = (
				CCF1A403BDEB38A3523C5095 /* Pods-QIC.debug.xcconfig */,
				6DD2584364BC599693B662AC /* Pods-QIC.release.xcconfig */,
			);
			name = Pods;
			sourceTree = "<group>";
		};
		D002556D20772FD30059A349 /* Favourites */ = {
			isa = PBXGroup;
			children = (
				D002556E207730140059A349 /* VC_favourites.h */,
				D02FB93520907A49000BCD3E /* VC_favourites.m */,
				D0025576207732C20059A349 /* favourites_cell */,
			);
			name = Favourites;
			sourceTree = "<group>";
		};
		D0025576207732C20059A349 /* favourites_cell */ = {
			isa = PBXGroup;
			children = (
				D0025571207732BE0059A349 /* favourites_cell.h */,
				D0025572207732BE0059A349 /* favourites_cell.m */,
				D0025573207732BE0059A349 /* favourites_cell.xib */,
			);
			name = favourites_cell;
			sourceTree = "<group>";
		};
		D002557A207773340059A349 /* TextField Rect */ = {
			isa = PBXGroup;
			children = (
				D002557B207773690059A349 /* TXT_placeholder.h */,
				D002557C207773690059A349 /* TXT_placeholder.m */,
				D02FB8FB208E1E2F000BCD3E /* TXT_with_out_x.h */,
				D02FB8FC208E1E2F000BCD3E /* TXT_with_out_x.m */,
			);
			name = "TextField Rect";
			sourceTree = "<group>";
		};
		D02AC7A82072301D00F47C93 = {
			isa = PBXGroup;
			children = (
				D02AC7B32072301D00F47C93 /* QIC */,
				D02AC7B22072301D00F47C93 /* Products */,
				4EFD63FBD3BCFD193EA33222 /* Pods */,
				016ABE74970599615BE0A7C8 /* Frameworks */,
			);
			sourceTree = "<group>";
		};
		D02AC7B22072301D00F47C93 /* Products */ = {
			isa = PBXGroup;
			children = (
				D02AC7B12072301D00F47C93 /* QIC.app */,
			);
			name = Products;
			sourceTree = "<group>";
		};
		D02AC7B32072301D00F47C93 /* QIC */ = {
			isa = PBXGroup;
			children = (
				D079D6D12085EFFA0079CA99 /* API helper class */,
				D02AC7F020737D3600F47C93 /* Delegates files */,
				D02AC7B72072301D00F47C93 /* AppDelegate.h */,
				D02AC7B82072301D00F47C93 /* AppDelegate.m */,
				D02AC7BA2072301D00F47C93 /* ViewController.h */,
				D02AC7BB2072301D00F47C93 /* ViewController.m */,
				D02FB9832095BB98000BCD3E /* Main.storyboard */,
				D02FB942209089A2000BCD3E /* SIGN UP */,
				D02FB9192090792F000BCD3E /* Assets.xcassets */,
				D02AC84C2074E6ED00F47C93 /* Third parties */,
				D02AC7EB2073416F00F47C93 /* Images */,
				D02AC7D020724A6500F47C93 /* Fonts */,
				D02AC7CC207247F000F47C93 /* Home page */,
				D02AC7EC2073596800F47C93 /* Home TAB */,
				D02AC7D72073330800F47C93 /* Categories */,
				D02AC8162073A00C00F47C93 /* Offers */,
				D02AC81A2074764000F47C93 /* My Profile */,
				D02AC81220739ED300F47C93 /* News */,
				D02AC8442074DA0300F47C93 /* Detail Page */,
				D002556D20772FD30059A349 /* Favourites */,
				D0AE15A12089EBCA004B32CD /* Static pages */,
				D02FB8F5208DDEFF000BCD3E /* search_offers */,
				D02FB8F1208DC29F000BCD3E /* search_page */,
				D02AC7C22072301D00F47C93 /* LaunchScreen.storyboard */,
				D02AC7C52072301D00F47C93 /* Info.plist */,
				D02AC7B42072301D00F47C93 /* Supporting Files */,
			);
			path = QIC;
			sourceTree = "<group>";
		};
		D02AC7B42072301D00F47C93 /* Supporting Files */ = {
			isa = PBXGroup;
			children = (
				D02AC7B52072301D00F47C93 /* main.m */,
				D02AC7CB2072304500F47C93 /* QIC.pch */,
			);
			name = "Supporting Files";
			sourceTree = "<group>";
		};
		D02AC7CC207247F000F47C93 /* Home page */ = {
			isa = PBXGroup;
			children = (
				D02AC7CD2072480C00F47C93 /* VC_home.h */,
				D02FB91C20907942000BCD3E /* VC_home.m */,
				D02AC7D32072505C00F47C93 /* Tab_bar over_ride */,
			);
			name = "Home page";
			sourceTree = "<group>";
		};
		D02AC7D020724A6500F47C93 /* Fonts */ = {
			isa = PBXGroup;
			children = (
				D0AE159F208882DA004B32CD /* digital-7.ttf */,
				D0AE159D208882A5004B32CD /* digital-7 (mono italic).ttf */,
				D079D692207E15140079CA99 /* Futura Std Book Oblique.ttf */,
				D02AC8872076238A00F47C93 /* Futura Bold.ttf */,
				D02AC8882076238A00F47C93 /* Futura Extra Bold.ttf */,
				D02AC8892076238A00F47C93 /* Futura Round Bold.ttf */,
				D02AC88A2076238A00F47C93 /* Futura Std Extra Bold.ttf */,
				D02AC88B2076238A00F47C93 /* Futura URW Extra Bold.ttf */,
				D02AC88C2076238A00F47C93 /* FuturaStd Bold.ttf */,
				D02AC7D120724A7A00F47C93 /* FontAwesome.otf */,
				D02AC893207624AD00F47C93 /* Futura Book.ttf */,
				D02AC894207624AD00F47C93 /* Futura Std Book.ttf */,
				D02AC895207624AD00F47C93 /* Futura TOT Book.ttf */,
				D02AC899207624B700F47C93 /* Futura Heavy.ttf */,
				D02AC89A207624B700F47C93 /* Futura Std Heavy.ttf */,
				D02AC89D207624C200F47C93 /* Futura Light.ttf */,
				D02AC89E207624C200F47C93 /* Futura SCTOT Light.ttf */,
				D02AC89F207624C200F47C93 /* Futura Std Light Condensed.ttf */,
				D02AC8A0207624C200F47C93 /* Futura Std Light.ttf */,
				D02AC8A5207624D500F47C93 /* Futura Medium.ttf */,
				D02AC8A6207624D500F47C93 /* Futura Std Medium Condensed.ttf */,
				D02AC8A7207624D500F47C93 /* Futura Std Medium.ttf */,
				D02AC8A8207624D500F47C93 /* Futura TOT Medium Condensed.ttf */,
				D02AC8A9207624D500F47C93 /* Futura URW Medium.ttf */,
				D02AC8AF207624DE00F47C93 /* Futura Thin.ttf */,
			);
			name = Fonts;
			sourceTree = "<group>";
		};
		D02AC7D32072505C00F47C93 /* Tab_bar over_ride */ = {
			isa = PBXGroup;
			children = (
				D02AC7D4207250AB00F47C93 /* homw_tab_bar.h */,
				D02AC7D5207250AB00F47C93 /* homw_tab_bar.m */,
			);
			name = "Tab_bar over_ride";
			sourceTree = "<group>";
		};
		D02AC7D72073330800F47C93 /* Categories */ = {
			isa = PBXGroup;
			children = (
				D02AC7D82073334600F47C93 /* VC_categories.h */,
				D02FB92020907987000BCD3E /* VC_categories.m */,
				D02AC83020749EFA00F47C93 /* Sub categories */,
				D02AC7DB207333F800F47C93 /* Categorie_cell */,
			);
			name = Categories;
			sourceTree = "<group>";
		};
		D02AC7DB207333F800F47C93 /* Categorie_cell */ = {
			isa = PBXGroup;
			children = (
				D02AC7DC2073342400F47C93 /* categorie_cell.h */,
				D02AC7DD2073342400F47C93 /* categorie_cell.m */,
				D02FB924209079A6000BCD3E /* categorie_cell.xib */,
			);
			name = Categorie_cell;
			sourceTree = "<group>";
		};
		D02AC7E3207340BE00F47C93 /* home_cell */ = {
			isa = PBXGroup;
			children = (
				D02FB8FE208E2CE8000BCD3E /* poly_clinic.png */,
				D02AC7E42073410500F47C93 /* menu_cell.h */,
				D02AC7E52073410500F47C93 /* menu_cell.m */,
				D02AC7E62073410500F47C93 /* menu_cell.xib */,
			);
			name = home_cell;
			sourceTree = "<group>";
		};
		D02AC7EB2073416F00F47C93 /* Images */ = {
			isa = PBXGroup;
			children = (
				D02FB8F9208DF5C1000BCD3E /* transparent-BG.png */,
				D0AE158E20886462004B32CD /* Image-placeholder-2.png */,
				D0AE158220877309004B32CD /* Health_card.png */,
				D0AE157B20875AB8004B32CD /* Home_page_banner */,
				D079D6CF2084CA350079CA99 /* discount3.png */,
				D079D665207C5FC60079CA99 /* search-bar.png */,
				D02AC8B12076274700F47C93 /* coupon.png */,
				D02AC8582075FC9100F47C93 /* profile page */,
				D02AC7F22073868C00F47C93 /* Login-Screen-background.jpg */,
				D02AC7F32073868C00F47C93 /* Logo.png */,
				D02AC7E92073416A00F47C93 /* upload-27.png */,
				D02AC7F62073889600F47C93 /* tab bar icons */,
			);
			name = Images;
			sourceTree = "<group>";
		};
		D02AC7EC2073596800F47C93 /* Home TAB */ = {
			isa = PBXGroup;
			children = (
				D02AC7ED2073599B00F47C93 /* VC_home_tab.h */,
				D02FB91E2090795B000BCD3E /* VC_home_tab.m */,
				D0AE15882088602E004B32CD /* Home_page_collection */,
				D02AC7E3207340BE00F47C93 /* home_cell */,
			);
			name = "Home TAB";
			sourceTree = "<group>";
		};
		D02AC7F020737D3600F47C93 /* Delegates files */ = {
			isa = PBXGroup;
			children = (
				D02AC7F120737D4F00F47C93 /* home_page_protocols.h */,
			);
			name = "Delegates files";
			sourceTree = "<group>";
		};
		D02AC7F62073889600F47C93 /* tab bar icons */ = {
			isa = PBXGroup;
			children = (
				D02AC7F72073889600F47C93 /* home.png */,
				D02AC7F82073889600F47C93 /* news.png */,
				D02AC7F92073889600F47C93 /* offer.png */,
				D02AC7FA2073889600F47C93 /* profile.png */,
				D02AC7FB2073889600F47C93 /* provider.png */,
			);
			path = "tab bar icons";
			sourceTree = "<group>";
		};
		D02AC81220739ED300F47C93 /* News */ = {
			isa = PBXGroup;
			children = (
				D02AC81320739F0000F47C93 /* VC_news.h */,
				D02FB92D209079F2000BCD3E /* VC_news.m */,
				D02AC8282074991500F47C93 /* News_cell */,
			);
			name = News;
			sourceTree = "<group>";
		};
		D02AC8162073A00C00F47C93 /* Offers */ = {
			isa = PBXGroup;
			children = (
				D02AC8172073A02A00F47C93 /* VC_offers.h */,
				D02FB926209079B5000BCD3E /* VC_offers.m */,
				D079D668207C785F0079CA99 /* Offers cell */,
				D02AC83A2074C35600F47C93 /* Consultation offers */,
			);
			name = Offers;
			sourceTree = "<group>";
		};
		D02AC81A2074764000F47C93 /* My Profile */ = {
			isa = PBXGroup;
			children = (
				D02AC81B2074766100F47C93 /* VC_profile.h */,
				D02AC81C2074766100F47C93 /* VC_profile.m */,
				D0AE158420883BFE004B32CD /* Health card */,
				D02AC87D2076078300F47C93 /* Dependents */,
				D02AC82220747EC900F47C93 /* profile_cell */,
				D02AC81E2074766800F47C93 /* Textfield Profile */,
			);
			name = "My Profile";
			sourceTree = "<group>";
		};
		D02AC81E2074766800F47C93 /* Textfield Profile */ = {
			isa = PBXGroup;
			children = (
				D02AC81F2074768200F47C93 /* TXT_profile.h */,
				D02AC8202074768200F47C93 /* TXT_profile.m */,
			);
			name = "Textfield Profile";
			sourceTree = "<group>";
		};
		D02AC82220747EC900F47C93 /* profile_cell */ = {
			isa = PBXGroup;
			children = (
				D02AC82320747EF000F47C93 /* profile_cell.h */,
				D02AC82420747EF000F47C93 /* profile_cell.m */,
				D02AC82520747EF000F47C93 /* profile_cell.xib */,
				D002557720775CF90059A349 /* Profile_langugage_cell.h */,
				D002557820775CF90059A349 /* Profile_langugage_cell.m */,
			);
			name = profile_cell;
			sourceTree = "<group>";
		};
		D02AC8282074991500F47C93 /* News_cell */ = {
			isa = PBXGroup;
			children = (
				D02AC8292074992F00F47C93 /* news_cell.h */,
				D02AC82A2074992F00F47C93 /* news_cell.m */,
				D02FB92F20907A02000BCD3E /* news_cell.xib */,
			);
			name = News_cell;
			sourceTree = "<group>";
		};
		D02AC83020749EFA00F47C93 /* Sub categories */ = {
			isa = PBXGroup;
			children = (
				D02AC83120749F2500F47C93 /* VC_sub_categories.h */,
				D02FB92220907997000BCD3E /* VC_sub_categories.m */,
				D02AC8342074AA2C00F47C93 /* subcategory_list_cell */,
			);
			name = "Sub categories";
			sourceTree = "<group>";
		};
		D02AC8342074AA2C00F47C93 /* subcategory_list_cell */ = {
			isa = PBXGroup;
			children = (
				D02AC8352074AA5600F47C93 /* subcategory_cell.h */,
				D02AC8362074AA5600F47C93 /* subcategory_cell.m */,
				D02AC8372074AA5600F47C93 /* subcategory_cell.xib */,
			);
			name = subcategory_list_cell;
			sourceTree = "<group>";
		};
		D02AC83A2074C35600F47C93 /* Consultation offers */ = {
			isa = PBXGroup;
			children = (
				D02FB93720907AA7000BCD3E /* VC_consultation.h */,
				D02FB928209079C9000BCD3E /* VC_consultation.m */,
				D02FB92A209079E0000BCD3E /* consultation_cell.h */,
				D02FB93820907AAF000BCD3E /* consultation_cell.m */,
				D02FB92B209079E0000BCD3E /* consultation_cell.xib */,
			);
			name = "Consultation offers";
			sourceTree = "<group>";
		};
		D02AC8442074DA0300F47C93 /* Detail Page */ = {
			isa = PBXGroup;
			children = (
				D02AC8452074DA4900F47C93 /* VC_detail.h */,
				D02FB93120907A22000BCD3E /* VC_detail.m */,
				D02AC8502075D51100F47C93 /* offers_cell */,
			);
			name = "Detail Page";
			sourceTree = "<group>";
		};
		D02AC84B2074E6DC00F47C93 /* Hmsegmented controller */ = {
			isa = PBXGroup;
			children = (
				D02AC84D2075D31500F47C93 /* HMSegmentedControl.h */,
				D02AC84E2075D31500F47C93 /* HMSegmentedControl.m */,
			);
			name = "Hmsegmented controller";
			sourceTree = "<group>";
		};
		D02AC84C2074E6ED00F47C93 /* Third parties */ = {
			isa = PBXGroup;
			children = (
				D0AE15E6208B2C4C004B32CD /* custome_activity */,
				D0AE15BA208B227A004B32CD /* table_view_republic */,
				D0AE15A9208B225D004B32CD /* table_view_pagination */,
				D079D660207B7A470079CA99 /* CFCoverFlowView */,
				D002557A207773340059A349 /* TextField Rect */,
				D02AC84B2074E6DC00F47C93 /* Hmsegmented controller */,
			);
			name = "Third parties";
			sourceTree = "<group>";
		};
		D02AC8502075D51100F47C93 /* offers_cell */ = {
			isa = PBXGroup;
			children = (
				D02AC8512075D53000F47C93 /* offers_cell.h */,
				D02AC8522075D53000F47C93 /* offers_cell.m */,
				D02FB93320907A3E000BCD3E /* offers_cell.xib */,
			);
			name = offers_cell;
			sourceTree = "<group>";
		};
		D02AC8582075FC9100F47C93 /* profile page */ = {
			isa = PBXGroup;
			children = (
				D02AC8592075FC9100F47C93 /* About-QIC.png */,
				D02AC85A2075FC9100F47C93 /* call-button.png */,
				D02AC85B2075FC9100F47C93 /* change-language.png */,
				D02AC85C2075FC9100F47C93 /* dependent.png */,
				D02AC85E2075FC9100F47C93 /* fingerprint.png */,
				D02AC85F2075FC9100F47C93 /* get-direction.png */,
				D02AC8612075FC9100F47C93 /* like.png */,
				D02AC8622075FC9100F47C93 /* Map.png */,
				D02AC8632075FC9100F47C93 /* mobile.png */,
				D02AC8642075FC9100F47C93 /* next-arrow.png */,
				D02AC8652075FC9100F47C93 /* privacy-policy.png */,
				D02AC8662075FC9100F47C93 /* profile-icon.png */,
				D02AC8672075FC9100F47C93 /* services.png */,
				D02AC8682075FC9100F47C93 /* terms-&-condition.png */,
				D02AC8692075FC9100F47C93 /* validity.png */,
				D02AC86A2075FC9100F47C93 /* Vector-Smart-Object.png */,
			);
			path = "profile page";
			sourceTree = "<group>";
		};
		D02AC87D2076078300F47C93 /* Dependents */ = {
			isa = PBXGroup;
			children = (
				D02AC87E207607A300F47C93 /* VC_dependents.h */,
				D02AC87F207607A300F47C93 /* VC_dependents.m */,
				D02AC881207607FD00F47C93 /* Dependents_cell */,
			);
			name = Dependents;
			sourceTree = "<group>";
		};
		D02AC881207607FD00F47C93 /* Dependents_cell */ = {
			isa = PBXGroup;
			children = (
				D02AC8822076082200F47C93 /* dependents_cell.h */,
				D02AC8832076082200F47C93 /* dependents_cell.m */,
				D02AC8842076082200F47C93 /* dependents_cell.xib */,
			);
			name = Dependents_cell;
			sourceTree = "<group>";
		};
		D02FB8F1208DC29F000BCD3E /* search_page */ = {
			isa = PBXGroup;
			children = (
				D02FB8F2208DC3C8000BCD3E /* VC_search.h */,
				D02FB8F3208DC3C8000BCD3E /* VC_search.m */,
			);
			name = search_page;
			sourceTree = "<group>";
		};
		D02FB8F5208DDEFF000BCD3E /* search_offers */ = {
			isa = PBXGroup;
			children = (
				D02FB8F6208DDF35000BCD3E /* VC_offers_search.h */,
				D02FB8F7208DDF35000BCD3E /* VC_offers_search.m */,
			);
			name = search_offers;
			sourceTree = "<group>";
		};
		D02FB942209089A2000BCD3E /* SIGN UP */ = {
			isa = PBXGroup;
			children = (
				D02FB93F20908985000BCD3E /* VC_sign_UP.h */,
				D02FB94020908985000BCD3E /* VC_sign_UP.m */,
			);
			name = "SIGN UP";
			sourceTree = "<group>";
		};
		D079D660207B7A470079CA99 /* CFCoverFlowView */ = {
			isa = PBXGroup;
			children = (
				D079D661207B7A470079CA99 /* CFCoverFlowView.h */,
				D079D662207B7A470079CA99 /* CFCoverFlowView.m */,
			);
			path = CFCoverFlowView;
			sourceTree = "<group>";
		};
		D079D668207C785F0079CA99 /* Offers cell */ = {
			isa = PBXGroup;
			children = (
				D079D669207C78940079CA99 /* offers_list_cell.h */,
				D079D66A207C78940079CA99 /* offers_list_cell.m */,
				D079D66B207C78940079CA99 /* offers_list_cell.xib */,
			);
			name = "Offers cell";
			sourceTree = "<group>";
		};
		D079D6D12085EFFA0079CA99 /* API helper class */ = {
			isa = PBXGroup;
			children = (
				D079D6D22085F07A0079CA99 /* APIHelper.h */,
				D079D6D32085F07A0079CA99 /* APIHelper.m */,
			);
			name = "API helper class";
			sourceTree = "<group>";
		};
		D0AE157B20875AB8004B32CD /* Home_page_banner */ = {
			isa = PBXGroup;
			children = (
				D0AE157C20875B7F004B32CD /* image-1.jpg */,
				D0AE157D20875B7F004B32CD /* image-2.jpg */,
				D0AE157E20875B7F004B32CD /* image-3.jpg */,
			);
			name = Home_page_banner;
			sourceTree = "<group>";
		};
		D0AE158420883BFE004B32CD /* Health card */ = {
			isa = PBXGroup;
			children = (
				D0AE158520883C28004B32CD /* VC_health_card.h */,
				D0AE158620883C28004B32CD /* VC_health_card.m */,
			);
			name = "Health card";
			sourceTree = "<group>";
		};
		D0AE15882088602E004B32CD /* Home_page_collection */ = {
			isa = PBXGroup;
			children = (
				D0AE15892088605A004B32CD /* home_cell.h */,
				D0AE158A2088605A004B32CD /* home_cell.m */,
				D0AE158B2088605A004B32CD /* home_cell.xib */,
			);
			name = Home_page_collection;
			sourceTree = "<group>";
		};
		D0AE15A12089EBCA004B32CD /* Static pages */ = {
			isa = PBXGroup;
			children = (
				D0AE15A22089EC46004B32CD /* VC_static_pages.h */,
				D0AE15A32089EC46004B32CD /* VC_static_pages.m */,
			);
			name = "Static pages";
			sourceTree = "<group>";
		};
		D0AE15A9208B225D004B32CD /* table_view_pagination */ = {
			isa = PBXGroup;
			children = (
				D0AE15D1208B23CF004B32CD /* DragTableDragState_ot.h */,
				D0AE15D2208B23CF004B32CD /* DragTableHeaderView_ot.h */,
				D0AE15D3208B23CF004B32CD /* DragTableHeaderView_ot.m */,
				D0AE15D4208B23CF004B32CD /* DragTableFooterView_ot.h */,
				D0AE15D5208B23CF004B32CD /* DragTableFooterView_ot.m */,
				D0AE15D6208B23CF004B32CD /* DragTableGestureObserver_ot.h */,
				D0AE15D7208B23CF004B32CD /* DragTableGestureObserver_ot.m */,
				D0AE15D8208B23CF004B32CD /* UIScrollView+DragTableSafeAnimation.h */,
				D0AE15D9208B23CF004B32CD /* UIScrollView+DragTableSafeAnimation.m */,
				D0AE15DA208B23CF004B32CD /* ComOpenThreadOTScreenshotHelperSwizzleHelpertable.h */,
				D0AE15DB208B23CF004B32CD /* ComOpenThreadOTScreenshotHelperSwizzleHelpertable.m */,
			);
			name = table_view_pagination;
			sourceTree = "<group>";
		};
		D0AE15BA208B227A004B32CD /* table_view_republic */ = {
			isa = PBXGroup;
			children = (
				D0AE15E1208B23F6004B32CD /* UITableView+NewCategory.h */,
				D0F0CA912099DE0300813C9C /* UITableView+NewCategory.m */,
			);
			name = table_view_republic;
			sourceTree = "<group>";
		};
		D0AE15E6208B2C4C004B32CD /* custome_activity */ = {
			isa = PBXGroup;
			children = (
				D0AE15FD208B2C98004B32CD /* custom_activity */,
				D0AE1601208B2CBC004B32CD /* dgactivity indicator */,
				D0AE15ED208B2C7F004B32CD /* animations */,
			);
			name = custome_activity;
			sourceTree = "<group>";
		};
		D0AE15ED208B2C7F004B32CD /* animations */ = {
			isa = PBXGroup;
			children = (
				D0AE15EE208B2C91004B32CD /* DGActivityIndicatorBallPulseAnimation.h */,
				D0AE15EF208B2C91004B32CD /* DGActivityIndicatorBallPulseAnimation.m */,
				D0AE15F0208B2C91004B32CD /* DGActivityIndicatorBallSpinFadeLoader.h */,
				D0AE15F1208B2C91004B32CD /* DGActivityIndicatorBallSpinFadeLoader.m */,
				D0AE15F2208B2C91004B32CD /* DGActivityIndicatorTriplePulseAnimation.h */,
				D0AE15F3208B2C91004B32CD /* DGActivityIndicatorTriplePulseAnimation.m */,
				D0AE15F4208B2C91004B32CD /* DGActivityIndicatorTwoDotsAnimation.h */,
				D0AE15F5208B2C91004B32CD /* DGActivityIndicatorTwoDotsAnimation.m */,
				D0AE15F6208B2C91004B32CD /* DGActivityIndicatorView.h */,
				D0AE15F7208B2C91004B32CD /* DGActivityIndicatorView.m */,
			);
			name = animations;
			sourceTree = "<group>";
		};
		D0AE15FD208B2C98004B32CD /* custom_activity */ = {
			isa = PBXGroup;
			children = (
				D0AE15FE208B2CB1004B32CD /* DejalActivityView.h */,
				D0AE15FF208B2CB1004B32CD /* DejalActivityView.m */,
			);
			name = custom_activity;
			sourceTree = "<group>";
		};
		D0AE1601208B2CBC004B32CD /* dgactivity indicator */ = {
			isa = PBXGroup;
			children = (
				D0AE1602208B2CDB004B32CD /* DGActivityIndicatorAnimation.h */,
				D0AE1603208B2CDB004B32CD /* DGActivityIndicatorAnimation.m */,
				D0AE1604208B2CDB004B32CD /* DGActivityIndicatorAnimationProtocol.h */,
			);
			name = "dgactivity indicator";
			sourceTree = "<group>";
		};
/* End PBXGroup section */

/* Begin PBXNativeTarget section */
		D02AC7B02072301D00F47C93 /* QIC */ = {
			isa = PBXNativeTarget;
			buildConfigurationList = D02AC7C82072301D00F47C93 /* Build configuration list for PBXNativeTarget "QIC" */;
			buildPhases = (
				434B0616319A9B89B3D8CC2D /* [CP] Check Pods Manifest.lock */,
				D02AC7AD2072301D00F47C93 /* Sources */,
				D02AC7AE2072301D00F47C93 /* Frameworks */,
				D02AC7AF2072301D00F47C93 /* Resources */,
				1898AE62D6F69058A5AAFAF5 /* [CP] Embed Pods Frameworks */,
				9B8EF71867DB50072F107907 /* [CP] Copy Pods Resources */,
				D00C4735209B2C4C00312CFA /* ShellScript */,
			);
			buildRules = (
			);
			dependencies = (
			);
			name = QIC;
			productName = QIC;
			productReference = D02AC7B12072301D00F47C93 /* QIC.app */;
			productType = "com.apple.product-type.application";
		};
/* End PBXNativeTarget section */

/* Begin PBXProject section */
		D02AC7A92072301D00F47C93 /* Project object */ = {
			isa = PBXProject;
			attributes = {
				LastUpgradeCheck = 0830;
				ORGANIZATIONNAME = "anumolu mac mini";
				TargetAttributes = {
					D02AC7B02072301D00F47C93 = {
						CreatedOnToolsVersion = 8.3.3;
						DevelopmentTeam = TVWJ9WMT26;
						ProvisioningStyle = Manual;
					};
				};
			};
			buildConfigurationList = D02AC7AC2072301D00F47C93 /* Build configuration list for PBXProject "QIC" */;
			compatibilityVersion = "Xcode 3.2";
			developmentRegion = English;
			hasScannedForEncodings = 0;
			knownRegions = (
				en,
				Base,
			);
			mainGroup = D02AC7A82072301D00F47C93;
			productRefGroup = D02AC7B22072301D00F47C93 /* Products */;
			projectDirPath = "";
			projectRoot = "";
			targets = (
				D02AC7B02072301D00F47C93 /* QIC */,
			);
		};
/* End PBXProject section */

/* Begin PBXResourcesBuildPhase section */
		D02AC7AF2072301D00F47C93 /* Resources */ = {
			isa = PBXResourcesBuildPhase;
			buildActionMask = 2147483647;
			files = (
				D02FB93420907A3E000BCD3E /* offers_cell.xib in Resources */,
				D02FB8FA208DF5C1000BCD3E /* transparent-BG.png in Resources */,
				D02AC8AC207624D500F47C93 /* Futura Std Medium.ttf in Resources */,
				D0AE158020875B7F004B32CD /* image-2.jpg in Resources */,
				D02AC87C2075FC9100F47C93 /* Vector-Smart-Object.png in Resources */,
				D02AC88D2076238A00F47C93 /* Futura Bold.ttf in Resources */,
				D02AC7C42072301D00F47C93 /* LaunchScreen.storyboard in Resources */,
				D0025575207732BE0059A349 /* favourites_cell.xib in Resources */,
				D02AC897207624AD00F47C93 /* Futura Std Book.ttf in Resources */,
				D02FB92C209079E0000BCD3E /* consultation_cell.xib in Resources */,
				D02FB9842095BB98000BCD3E /* Main.storyboard in Resources */,
				D079D6D02084CA360079CA99 /* discount3.png in Resources */,
				D02AC8002073889600F47C93 /* provider.png in Resources */,
				D0AE158320877309004B32CD /* Health_card.png in Resources */,
				D02AC898207624AD00F47C93 /* Futura TOT Book.ttf in Resources */,
				D02FB91B2090792F000BCD3E /* Assets.xcassets in Resources */,
				D02AC8902076238A00F47C93 /* Futura Std Extra Bold.ttf in Resources */,
				D02AC8AA207624D500F47C93 /* Futura Medium.ttf in Resources */,
				D079D667207C5FC60079CA99 /* search-bar.png in Resources */,
				D02AC8792075FC9100F47C93 /* services.png in Resources */,
				D02AC8772075FC9100F47C93 /* privacy-policy.png in Resources */,
				D0AE158D2088605A004B32CD /* home_cell.xib in Resources */,
				D0AE158120875B7F004B32CD /* image-3.jpg in Resources */,
				D02AC7FC2073889600F47C93 /* home.png in Resources */,
				D02AC8AB207624D500F47C93 /* Futura Std Medium Condensed.ttf in Resources */,
				D02AC8392074AA5600F47C93 /* subcategory_cell.xib in Resources */,
				D0AE157F20875B7F004B32CD /* image-1.jpg in Resources */,
				D02AC86E2075FC9100F47C93 /* dependent.png in Resources */,
				D02AC8782075FC9100F47C93 /* profile-icon.png in Resources */,
				D02AC7F52073868C00F47C93 /* Logo.png in Resources */,
				D02AC8732075FC9100F47C93 /* like.png in Resources */,
				D02AC8B0207624DE00F47C93 /* Futura Thin.ttf in Resources */,
				D02AC8922076238A00F47C93 /* FuturaStd Bold.ttf in Resources */,
				D02AC86C2075FC9100F47C93 /* call-button.png in Resources */,
				D02AC89B207624B700F47C93 /* Futura Heavy.ttf in Resources */,
				D02AC82720747EF000F47C93 /* profile_cell.xib in Resources */,
				D02AC8702075FC9100F47C93 /* fingerprint.png in Resources */,
				D02AC7F42073868C00F47C93 /* Login-Screen-background.jpg in Resources */,
				D02AC896207624AD00F47C93 /* Futura Book.ttf in Resources */,
				D02AC8742075FC9100F47C93 /* Map.png in Resources */,
				D02AC8762075FC9100F47C93 /* next-arrow.png in Resources */,
				D079D66D207C78940079CA99 /* offers_list_cell.xib in Resources */,
				D02AC88E2076238A00F47C93 /* Futura Extra Bold.ttf in Resources */,
				D02AC8862076082200F47C93 /* dependents_cell.xib in Resources */,
				D02AC8AE207624D500F47C93 /* Futura URW Medium.ttf in Resources */,
				D02AC8A2207624C200F47C93 /* Futura SCTOT Light.ttf in Resources */,
				D02AC7EA2073416A00F47C93 /* upload-27.png in Resources */,
				D0AE159E208882A5004B32CD /* digital-7 (mono italic).ttf in Resources */,
				D02AC87B2075FC9100F47C93 /* validity.png in Resources */,
				D02AC88F2076238A00F47C93 /* Futura Round Bold.ttf in Resources */,
				D02AC8B320762E6B00F47C93 /* Info.plist in Resources */,
				D02AC8AD207624D500F47C93 /* Futura TOT Medium Condensed.ttf in Resources */,
				D02AC7E82073410600F47C93 /* menu_cell.xib in Resources */,
				D02AC7FE2073889600F47C93 /* offer.png in Resources */,
				D02AC87A2075FC9100F47C93 /* terms-&-condition.png in Resources */,
				D02AC7FD2073889600F47C93 /* news.png in Resources */,
				D079D693207E15140079CA99 /* Futura Std Book Oblique.ttf in Resources */,
				D0AE15A0208882DA004B32CD /* digital-7.ttf in Resources */,
				D02AC8B22076274700F47C93 /* coupon.png in Resources */,
				D02AC8912076238A00F47C93 /* Futura URW Extra Bold.ttf in Resources */,
				D02FB925209079A6000BCD3E /* categorie_cell.xib in Resources */,
				D02AC8A1207624C200F47C93 /* Futura Light.ttf in Resources */,
				D02AC8A3207624C200F47C93 /* Futura Std Light Condensed.ttf in Resources */,
				D02AC8A4207624C200F47C93 /* Futura Std Light.ttf in Resources */,
				D02AC7D220724A7A00F47C93 /* FontAwesome.otf in Resources */,
				D02AC89C207624B700F47C93 /* Futura Std Heavy.ttf in Resources */,
				D02AC8712075FC9100F47C93 /* get-direction.png in Resources */,
				D0AE158F20886462004B32CD /* Image-placeholder-2.png in Resources */,
				D02AC86D2075FC9100F47C93 /* change-language.png in Resources */,
				D02AC8752075FC9100F47C93 /* mobile.png in Resources */,
				D02FB93020907A02000BCD3E /* news_cell.xib in Resources */,
				D02AC7FF2073889600F47C93 /* profile.png in Resources */,
				D02AC86B2075FC9100F47C93 /* About-QIC.png in Resources */,
				D02FB8FF208E2CE8000BCD3E /* poly_clinic.png in Resources */,
			);
			runOnlyForDeploymentPostprocessing = 0;
		};
/* End PBXResourcesBuildPhase section */

/* Begin PBXShellScriptBuildPhase section */
		1898AE62D6F69058A5AAFAF5 /* [CP] Embed Pods Frameworks */ = {
			isa = PBXShellScriptBuildPhase;
			buildActionMask = 2147483647;
			files = (
			);
			inputPaths = (
			);
			name = "[CP] Embed Pods Frameworks";
			outputPaths = (
			);
			runOnlyForDeploymentPostprocessing = 0;
			shellPath = /bin/sh;
			shellScript = "\"${SRCROOT}/Pods/Target Support Files/Pods-QIC/Pods-QIC-frameworks.sh\"\n";
			showEnvVarsInLog = 0;
		};
		434B0616319A9B89B3D8CC2D /* [CP] Check Pods Manifest.lock */ = {
			isa = PBXShellScriptBuildPhase;
			buildActionMask = 2147483647;
			files = (
			);
			inputPaths = (
				"${PODS_PODFILE_DIR_PATH}/Podfile.lock",
				"${PODS_ROOT}/Manifest.lock",
			);
			name = "[CP] Check Pods Manifest.lock";
			outputPaths = (
				"$(DERIVED_FILE_DIR)/Pods-QIC-checkManifestLockResult.txt",
			);
			runOnlyForDeploymentPostprocessing = 0;
			shellPath = /bin/sh;
			shellScript = "diff \"${PODS_PODFILE_DIR_PATH}/Podfile.lock\" \"${PODS_ROOT}/Manifest.lock\" > /dev/null\nif [ $? != 0 ] ; then\n    # print error to STDERR\n    echo \"error: The sandbox is not in sync with the Podfile.lock. Run 'pod install' or update your CocoaPods installation.\" >&2\n    exit 1\nfi\n# This output is used by Xcode 'outputs' to avoid re-running this script phase.\necho \"SUCCESS\" > \"${SCRIPT_OUTPUT_FILE_0}\"\n";
			showEnvVarsInLog = 0;
		};
		9B8EF71867DB50072F107907 /* [CP] Copy Pods Resources */ = {
			isa = PBXShellScriptBuildPhase;
			buildActionMask = 2147483647;
			files = (
			);
			inputPaths = (
				"${SRCROOT}/Pods/Target Support Files/Pods-QIC/Pods-QIC-resources.sh",
				"${PODS_ROOT}/GoogleMaps/Maps/Frameworks/GoogleMaps.framework/Resources/GoogleMaps.bundle",
				"${PODS_ROOT}/GooglePlaces/Frameworks/GooglePlaces.framework/Resources/GooglePlaces.bundle",
			);
			name = "[CP] Copy Pods Resources";
			outputPaths = (
				"${TARGET_BUILD_DIR}/${UNLOCALIZED_RESOURCES_FOLDER_PATH}/GoogleMaps.bundle",
				"${TARGET_BUILD_DIR}/${UNLOCALIZED_RESOURCES_FOLDER_PATH}/GooglePlaces.bundle",
			);
			runOnlyForDeploymentPostprocessing = 0;
			shellPath = /bin/sh;
			shellScript = "\"${SRCROOT}/Pods/Target Support Files/Pods-QIC/Pods-QIC-resources.sh\"\n";
			showEnvVarsInLog = 0;
		};
		D00C4735209B2C4C00312CFA /* ShellScript */ = {
			isa = PBXShellScriptBuildPhase;
			buildActionMask = 2147483647;
			files = (
			);
			inputPaths = (
			);
			outputPaths = (
			);
			runOnlyForDeploymentPostprocessing = 0;
			shellPath = /bin/sh;
			shellScript = "SCRIPT=`/usr/bin/find \"${SRCROOT}\" -name newrelic_postbuild.sh | head -n 1`\n\n/bin/sh \"${SCRIPT}\" \"AA31f46cdbec234c294afd0758c8d1a8debd72c23e\"";
		};
/* End PBXShellScriptBuildPhase section */

/* Begin PBXSourcesBuildPhase section */
		D02AC7AD2072301D00F47C93 /* Sources */ = {
			isa = PBXSourcesBuildPhase;
			buildActionMask = 2147483647;
			files = (
				D02AC8382074AA5600F47C93 /* subcategory_cell.m in Sources */,
				D02AC7DF2073342400F47C93 /* categorie_cell.m in Sources */,
				D02AC84F2075D31500F47C93 /* HMSegmentedControl.m in Sources */,
				D02FB927209079B5000BCD3E /* VC_offers.m in Sources */,
				D0F0CA922099DE0300813C9C /* UITableView+NewCategory.m in Sources */,
				D02FB93920907AAF000BCD3E /* consultation_cell.m in Sources */,
				D02FB92E209079F2000BCD3E /* VC_news.m in Sources */,
				D02AC880207607A300F47C93 /* VC_dependents.m in Sources */,
				D02FB929209079C9000BCD3E /* VC_consultation.m in Sources */,
				D02FB91D20907942000BCD3E /* VC_home.m in Sources */,
				D0AE15F8208B2C91004B32CD /* DGActivityIndicatorBallPulseAnimation.m in Sources */,
				D02AC7E72073410500F47C93 /* menu_cell.m in Sources */,
				D02FB92320907997000BCD3E /* VC_sub_categories.m in Sources */,
				D0AE15FC208B2C91004B32CD /* DGActivityIndicatorView.m in Sources */,
				D02FB8F8208DDF35000BCD3E /* VC_offers_search.m in Sources */,
				D0AE158C2088605A004B32CD /* home_cell.m in Sources */,
				D02AC82C2074992F00F47C93 /* news_cell.m in Sources */,
				D002557D207773690059A349 /* TXT_placeholder.m in Sources */,
				D02FB8FD208E1E2F000BCD3E /* TXT_with_out_x.m in Sources */,
				D079D66C207C78940079CA99 /* offers_list_cell.m in Sources */,
				D079D6D42085F07A0079CA99 /* APIHelper.m in Sources */,
				D02FB93620907A49000BCD3E /* VC_favourites.m in Sources */,
				D0AE15FA208B2C91004B32CD /* DGActivityIndicatorTriplePulseAnimation.m in Sources */,
				D0AE15DE208B23CF004B32CD /* DragTableGestureObserver_ot.m in Sources */,
				D0AE15DC208B23CF004B32CD /* DragTableHeaderView_ot.m in Sources */,
				D0AE15A42089EC48004B32CD /* VC_static_pages.m in Sources */,
				D02AC7D6207250AB00F47C93 /* homw_tab_bar.m in Sources */,
				D0AE15FB208B2C91004B32CD /* DGActivityIndicatorTwoDotsAnimation.m in Sources */,
				D02AC7BC2072301D00F47C93 /* ViewController.m in Sources */,
				D079D663207B7A470079CA99 /* CFCoverFlowView.m in Sources */,
				D0AE158720883C28004B32CD /* VC_health_card.m in Sources */,
				D02AC82620747EF000F47C93 /* profile_cell.m in Sources */,
				D0AE15E0208B23CF004B32CD /* ComOpenThreadOTScreenshotHelperSwizzleHelpertable.m in Sources */,
				D02AC8542075D53000F47C93 /* offers_cell.m in Sources */,
				D002557920775CF90059A349 /* Profile_langugage_cell.m in Sources */,
				D0AE15DF208B23CF004B32CD /* UIScrollView+DragTableSafeAnimation.m in Sources */,
				D0AE1600208B2CB1004B32CD /* DejalActivityView.m in Sources */,
				D02FB92120907987000BCD3E /* VC_categories.m in Sources */,
				D0AE1605208B2CDB004B32CD /* DGActivityIndicatorAnimation.m in Sources */,
				D02AC8212074768200F47C93 /* TXT_profile.m in Sources */,
				D0025574207732BE0059A349 /* favourites_cell.m in Sources */,
				D02FB8F4208DC3C8000BCD3E /* VC_search.m in Sources */,
				D02AC81D2074766100F47C93 /* VC_profile.m in Sources */,
				D02FB91F2090795B000BCD3E /* VC_home_tab.m in Sources */,
				D02FB93220907A22000BCD3E /* VC_detail.m in Sources */,
				D0AE15DD208B23CF004B32CD /* DragTableFooterView_ot.m in Sources */,
				D02AC7B92072301D00F47C93 /* AppDelegate.m in Sources */,
				D0AE15F9208B2C91004B32CD /* DGActivityIndicatorBallSpinFadeLoader.m in Sources */,
				D02AC8852076082200F47C93 /* dependents_cell.m in Sources */,
				D02AC7B62072301D00F47C93 /* main.m in Sources */,
				D02FB94120908985000BCD3E /* VC_sign_UP.m in Sources */,
			);
			runOnlyForDeploymentPostprocessing = 0;
		};
/* End PBXSourcesBuildPhase section */

/* Begin PBXVariantGroup section */
		D02AC7C22072301D00F47C93 /* LaunchScreen.storyboard */ = {
			isa = PBXVariantGroup;
			children = (
				D02AC7C32072301D00F47C93 /* Base */,
			);
			name = LaunchScreen.storyboard;
			sourceTree = "<group>";
		};
/* End PBXVariantGroup section */

/* Begin XCBuildConfiguration section */
		D02AC7C62072301D00F47C93 /* Debug */ = {
			isa = XCBuildConfiguration;
			buildSettings = {
				ALWAYS_SEARCH_USER_PATHS = NO;
				CLANG_ANALYZER_NONNULL = YES;
				CLANG_ANALYZER_NUMBER_OBJECT_CONVERSION = YES_AGGRESSIVE;
				CLANG_CXX_LANGUAGE_STANDARD = "gnu++0x";
				CLANG_CXX_LIBRARY = "libc++";
				CLANG_ENABLE_MODULES = YES;
				CLANG_ENABLE_OBJC_ARC = YES;
				CLANG_WARN_BOOL_CONVERSION = YES;
				CLANG_WARN_CONSTANT_CONVERSION = YES;
				CLANG_WARN_DIRECT_OBJC_ISA_USAGE = YES_ERROR;
				CLANG_WARN_DOCUMENTATION_COMMENTS = YES;
				CLANG_WARN_EMPTY_BODY = YES;
				CLANG_WARN_ENUM_CONVERSION = YES;
				CLANG_WARN_INFINITE_RECURSION = YES;
				CLANG_WARN_INT_CONVERSION = YES;
				CLANG_WARN_OBJC_ROOT_CLASS = YES_ERROR;
				CLANG_WARN_SUSPICIOUS_MOVE = YES;
				CLANG_WARN_UNREACHABLE_CODE = YES;
				CLANG_WARN__DUPLICATE_METHOD_MATCH = YES;
				"CODE_SIGN_IDENTITY[sdk=iphoneos*]" = "iPhone Developer";
				COPY_PHASE_STRIP = NO;
				DEBUG_INFORMATION_FORMAT = dwarf;
				ENABLE_STRICT_OBJC_MSGSEND = YES;
				ENABLE_TESTABILITY = YES;
				GCC_C_LANGUAGE_STANDARD = gnu99;
				GCC_DYNAMIC_NO_PIC = NO;
				GCC_NO_COMMON_BLOCKS = YES;
				GCC_OPTIMIZATION_LEVEL = 0;
				GCC_PREPROCESSOR_DEFINITIONS = (
					"DEBUG=1",
					"$(inherited)",
				);
				GCC_WARN_64_TO_32_BIT_CONVERSION = YES;
				GCC_WARN_ABOUT_RETURN_TYPE = YES_ERROR;
				GCC_WARN_UNDECLARED_SELECTOR = YES;
				GCC_WARN_UNINITIALIZED_AUTOS = YES_AGGRESSIVE;
				GCC_WARN_UNUSED_FUNCTION = YES;
				GCC_WARN_UNUSED_VARIABLE = YES;
				IPHONEOS_DEPLOYMENT_TARGET = 10.3;
				MTL_ENABLE_DEBUG_INFO = YES;
				ONLY_ACTIVE_ARCH = YES;
				SDKROOT = iphoneos;
				TARGETED_DEVICE_FAMILY = "1,2";
			};
			name = Debug;
		};
		D02AC7C72072301D00F47C93 /* Release */ = {
			isa = XCBuildConfiguration;
			buildSettings = {
				ALWAYS_SEARCH_USER_PATHS = NO;
				CLANG_ANALYZER_NONNULL = YES;
				CLANG_ANALYZER_NUMBER_OBJECT_CONVERSION = YES_AGGRESSIVE;
				CLANG_CXX_LANGUAGE_STANDARD = "gnu++0x";
				CLANG_CXX_LIBRARY = "libc++";
				CLANG_ENABLE_MODULES = YES;
				CLANG_ENABLE_OBJC_ARC = YES;
				CLANG_WARN_BOOL_CONVERSION = YES;
				CLANG_WARN_CONSTANT_CONVERSION = YES;
				CLANG_WARN_DIRECT_OBJC_ISA_USAGE = YES_ERROR;
				CLANG_WARN_DOCUMENTATION_COMMENTS = YES;
				CLANG_WARN_EMPTY_BODY = YES;
				CLANG_WARN_ENUM_CONVERSION = YES;
				CLANG_WARN_INFINITE_RECURSION = YES;
				CLANG_WARN_INT_CONVERSION = YES;
				CLANG_WARN_OBJC_ROOT_CLASS = YES_ERROR;
				CLANG_WARN_SUSPICIOUS_MOVE = YES;
				CLANG_WARN_UNREACHABLE_CODE = YES;
				CLANG_WARN__DUPLICATE_METHOD_MATCH = YES;
				"CODE_SIGN_IDENTITY[sdk=iphoneos*]" = "iPhone Developer";
				COPY_PHASE_STRIP = NO;
				DEBUG_INFORMATION_FORMAT = "dwarf-with-dsym";
				ENABLE_NS_ASSERTIONS = NO;
				ENABLE_STRICT_OBJC_MSGSEND = YES;
				GCC_C_LANGUAGE_STANDARD = gnu99;
				GCC_NO_COMMON_BLOCKS = YES;
				GCC_WARN_64_TO_32_BIT_CONVERSION = YES;
				GCC_WARN_ABOUT_RETURN_TYPE = YES_ERROR;
				GCC_WARN_UNDECLARED_SELECTOR = YES;
				GCC_WARN_UNINITIALIZED_AUTOS = YES_AGGRESSIVE;
				GCC_WARN_UNUSED_FUNCTION = YES;
				GCC_WARN_UNUSED_VARIABLE = YES;
				IPHONEOS_DEPLOYMENT_TARGET = 10.3;
				MTL_ENABLE_DEBUG_INFO = NO;
				SDKROOT = iphoneos;
				TARGETED_DEVICE_FAMILY = "1,2";
				VALIDATE_PRODUCT = YES;
			};
			name = Release;
		};
		D02AC7C92072301D00F47C93 /* Debug */ = {
			isa = XCBuildConfiguration;
			baseConfigurationReference = CCF1A403BDEB38A3523C5095 /* Pods-QIC.debug.xcconfig */;
			buildSettings = {
				ASSETCATALOG_COMPILER_APPICON_NAME = AppIcon;
				CODE_SIGN_IDENTITY = "";
				"CODE_SIGN_IDENTITY[sdk=iphoneos*]" = "iPhone Distribution";
				DEVELOPMENT_TEAM = TVWJ9WMT26;
				FRAMEWORK_SEARCH_PATHS = (
					"$(inherited)",
					"$(PROJECT_DIR)",
				);
				GCC_PREFIX_HEADER = QIC/QIC.pch;
				INFOPLIST_FILE = QIC/Info.plist;
				IPHONEOS_DEPLOYMENT_TARGET = 8.0;
				LD_RUNPATH_SEARCH_PATHS = "$(inherited) @executable_path/Frameworks";
				PRODUCT_BUNDLE_IDENTIFIER = "com.qic-anaya";
				PRODUCT_NAME = "$(TARGET_NAME)";
				PROVISIONING_PROFILE = "c573d342-4dd2-4d71-a6df-8187b629b815";
				PROVISIONING_PROFILE_SPECIFIER = QICAnayaDEP;
				TARGETED_DEVICE_FAMILY = 1;
			};
			name = Debug;
		};
		D02AC7CA2072301D00F47C93 /* Release */ = {
			isa = XCBuildConfiguration;
			baseConfigurationReference = 6DD2584364BC599693B662AC /* Pods-QIC.release.xcconfig */;
			buildSettings = {
				ASSETCATALOG_COMPILER_APPICON_NAME = AppIcon;
				CODE_SIGN_IDENTITY = "";
				"CODE_SIGN_IDENTITY[sdk=iphoneos*]" = "iPhone Distribution";
				DEVELOPMENT_TEAM = TVWJ9WMT26;
				FRAMEWORK_SEARCH_PATHS = (
					"$(inherited)",
					"$(PROJECT_DIR)",
				);
				GCC_PREFIX_HEADER = QIC/QIC.pch;
				INFOPLIST_FILE = QIC/Info.plist;
				IPHONEOS_DEPLOYMENT_TARGET = 8.0;
				LD_RUNPATH_SEARCH_PATHS = "$(inherited) @executable_path/Frameworks";
				PRODUCT_BUNDLE_IDENTIFIER = "com.qic-anaya";
				PRODUCT_NAME = "$(TARGET_NAME)";
				PROVISIONING_PROFILE = "c573d342-4dd2-4d71-a6df-8187b629b815";
				PROVISIONING_PROFILE_SPECIFIER = QICAnayaDEP;
				TARGETED_DEVICE_FAMILY = 1;
			};
			name = Release;
		};
/* End XCBuildConfiguration section */

/* Begin XCConfigurationList section */
		D02AC7AC2072301D00F47C93 /* Build configuration list for PBXProject "QIC" */ = {
			isa = XCConfigurationList;
			buildConfigurations = (
				D02AC7C62072301D00F47C93 /* Debug */,
				D02AC7C72072301D00F47C93 /* Release */,
			);
			defaultConfigurationIsVisible = 0;
			defaultConfigurationName = Release;
		};
		D02AC7C82072301D00F47C93 /* Build configuration list for PBXNativeTarget "QIC" */ = {
			isa = XCConfigurationList;
			buildConfigurations = (
				D02AC7C92072301D00F47C93 /* Debug */,
				D02AC7CA2072301D00F47C93 /* Release */,
			);
			defaultConfigurationIsVisible = 0;
			defaultConfigurationName = Release;
		};
/* End XCConfigurationList section */
	};
	rootObject = D02AC7A92072301D00F47C93 /* Project object */;
}
